// !$*UTF8*$!
{
	archiveVersion = 1;
	classes = {
	};
	objectVersion = 56;
	objects = {

/* Begin PBXBuildFile section */
		5501A0012C5D000100000001 /* OptaAppApp.swift in Sources */ = {isa = PBXBuildFile; fileRef = 5501A0002C5D000100000001 /* OptaAppApp.swift */; };
		5501A0032C5D000100000002 /* ContentView.swift in Sources */ = {isa = PBXBuildFile; fileRef = 5501A0022C5D000100000002 /* ContentView.swift */; };
		5501A0052C5D000100000003 /* RustBridge.swift in Sources */ = {isa = PBXBuildFile; fileRef = 5501A0042C5D000100000003 /* RustBridge.swift */; };
		5501A0072C5D000100000004 /* MetalRenderView.swift in Sources */ = {isa = PBXBuildFile; fileRef = 5501A0062C5D000100000004 /* MetalRenderView.swift */; };
		5501A0092C5D000100000005 /* RenderCoordinator.swift in Sources */ = {isa = PBXBuildFile; fileRef = 5501A0082C5D000100000005 /* RenderCoordinator.swift */; };
		5501A00B2C5D000100000006 /* DisplayLinkController.swift in Sources */ = {isa = PBXBuildFile; fileRef = 5501A00A2C5D000100000006 /* DisplayLinkController.swift */; };
		5501A00D2C5D000100000007 /* HapticsManager.swift in Sources */ = {isa = PBXBuildFile; fileRef = 5501A00C2C5D000100000007 /* HapticsManager.swift */; };
		5501A00F2C5D000100000008 /* MenuBarView.swift in Sources */ = {isa = PBXBuildFile; fileRef = 5501A00E2C5D000100000008 /* MenuBarView.swift */; };
		5501A0112C5D000100000009 /* MenuBarIcon.swift in Sources */ = {isa = PBXBuildFile; fileRef = 5501A0102C5D000100000009 /* MenuBarIcon.swift */; };
		5501A0132C5D00010000000A /* SettingsView.swift in Sources */ = {isa = PBXBuildFile; fileRef = 5501A0122C5D00010000000A /* SettingsView.swift */; };
		5501A0152C5D00010000000B /* LaunchAtLogin.swift in Sources */ = {isa = PBXBuildFile; fileRef = 5501A0142C5D00010000000B /* LaunchAtLogin.swift */; };
		5501A0172C5D00010000000C /* OptaCore.swift in Sources */ = {isa = PBXBuildFile; fileRef = 5501A0162C5D00010000000C /* OptaCore.swift */; };
		5501A0192C5D00010000000D /* libopta_render.a in Frameworks */ = {isa = PBXBuildFile; fileRef = 5501A0182C5D00010000000D /* libopta_render.a */; };
		5501A01B2C5D000100000099 /* libopta_core.a in Frameworks */ = {isa = PBXBuildFile; fileRef = 5501A01A2C5D000100000099 /* libopta_core.a */; };
		5501A0242C5D0001000000B0 /* Assets.xcassets in Resources */ = {isa = PBXBuildFile; fileRef = 5501A0232C5D0001000000B0 /* Assets.xcassets */; };
		/* Phase 69-75 additions */
		5501B0012C5D000100000101 /* EffectExecutor.swift in Sources */ = {isa = PBXBuildFile; fileRef = 5501B0002C5D000100000101 /* EffectExecutor.swift */; };
		5501B0032C5D000100000102 /* OptaCoreManager.swift in Sources */ = {isa = PBXBuildFile; fileRef = 5501B0022C5D000100000102 /* OptaCoreManager.swift */; };
		5501B0052C5D000100000103 /* OptaViewModel.swift in Sources */ = {isa = PBXBuildFile; fileRef = 5501B0042C5D000100000103 /* OptaViewModel.swift */; };
		5501B0072C5D000100000104 /* Game.swift in Sources */ = {isa = PBXBuildFile; fileRef = 5501B0062C5D000100000104 /* Game.swift */; };
		5501B0092C5D000100000105 /* OptimizationProfile.swift in Sources */ = {isa = PBXBuildFile; fileRef = 5501B0082C5D000100000105 /* OptimizationProfile.swift */; };
		5501B00B2C5D000100000106 /* DashboardView.swift in Sources */ = {isa = PBXBuildFile; fileRef = 5501B00A2C5D000100000106 /* DashboardView.swift */; };
		5501B00D2C5D000100000107 /* OptaRingView.swift in Sources */ = {isa = PBXBuildFile; fileRef = 5501B00C2C5D000100000107 /* OptaRingView.swift */; };
		5501B00F2C5D000100000108 /* QuickActions.swift in Sources */ = {isa = PBXBuildFile; fileRef = 5501B00E2C5D000100000108 /* QuickActions.swift */; };
		5501B0112C5D000100000109 /* ScoreDisplay.swift in Sources */ = {isa = PBXBuildFile; fileRef = 5501B0102C5D000100000109 /* ScoreDisplay.swift */; };
		5501B0132C5D00010000010A /* TelemetryCard.swift in Sources */ = {isa = PBXBuildFile; fileRef = 5501B0122C5D00010000010A /* TelemetryCard.swift */; };
		5501B0152C5D00010000010B /* ProfileManagerView.swift in Sources */ = {isa = PBXBuildFile; fileRef = 5501B0142C5D00010000010B /* ProfileManagerView.swift */; };
		5501B0172C5D00010000010C /* KeyboardShortcutsView.swift in Sources */ = {isa = PBXBuildFile; fileRef = 5501B0162C5D00010000010C /* KeyboardShortcutsView.swift */; };
		5501B0192C5D00010000010D /* ThemeCustomizationView.swift in Sources */ = {isa = PBXBuildFile; fileRef = 5501B0182C5D00010000010D /* ThemeCustomizationView.swift */; };
		5501B01B2C5D00010000010E /* GameCardView.swift in Sources */ = {isa = PBXBuildFile; fileRef = 5501B01A2C5D00010000010E /* GameCardView.swift */; };
		5501B01D2C5D00010000010F /* GameDetailView.swift in Sources */ = {isa = PBXBuildFile; fileRef = 5501B01C2C5D00010000010F /* GameDetailView.swift */; };
		5501B01F2C5D000100000110 /* GamesLibraryView.swift in Sources */ = {isa = PBXBuildFile; fileRef = 5501B01E2C5D000100000110 /* GamesLibraryView.swift */; };
		5501B0212C5D000100000111 /* GameDetectionService.swift in Sources */ = {isa = PBXBuildFile; fileRef = 5501B0202C5D000100000111 /* GameDetectionService.swift */; };
		5501B0232C5D000100000112 /* NotificationService.swift in Sources */ = {isa = PBXBuildFile; fileRef = 5501B0222C5D000100000112 /* NotificationService.swift */; };
		5501B0252C5D000100000113 /* AgentModeManager.swift in Sources */ = {isa = PBXBuildFile; fileRef = 5501B0242C5D000100000113 /* AgentModeManager.swift */; };
		5501B0272C5D000100000114 /* SpatialAudioManager.swift in Sources */ = {isa = PBXBuildFile; fileRef = 5501B0262C5D000100000114 /* SpatialAudioManager.swift */; };
		5501B0292C5D000100000115 /* ThermalStateManager.swift in Sources */ = {isa = PBXBuildFile; fileRef = 5501B0282C5D000100000115 /* ThermalStateManager.swift */; };
		5501B02B2C5D000100000116 /* SensoryManager.swift in Sources */ = {isa = PBXBuildFile; fileRef = 5501B02A2C5D000100000116 /* SensoryManager.swift */; };
		/* AHAP Resources */
		5501B02D2C5D000100000117 /* ring_explosion.ahap in Resources */ = {isa = PBXBuildFile; fileRef = 5501B02C2C5D000100000117 /* ring_explosion.ahap */; };
		5501B02F2C5D000100000118 /* optimization_pulse.ahap in Resources */ = {isa = PBXBuildFile; fileRef = 5501B02E2C5D000100000118 /* optimization_pulse.ahap */; };
		5501B0312C5D000100000119 /* wake_up.ahap in Resources */ = {isa = PBXBuildFile; fileRef = 5501B0302C5D000100000119 /* wake_up.ahap */; };
		5501B0332C5D00010000011A /* warning.ahap in Resources */ = {isa = PBXBuildFile; fileRef = 5501B0322C5D00010000011A /* warning.ahap */; };
		5501B0352C5D00010000011B /* tap.ahap in Resources */ = {isa = PBXBuildFile; fileRef = 5501B0342C5D00010000011B /* tap.ahap */; };
		/* Phase 76 additions - Text Reimplementation */
		5501B0502C5D000100000130 /* OptaTextStyle.swift in Sources */ = {isa = PBXBuildFile; fileRef = 5501B04F2C5D000100000130 /* OptaTextStyle.swift */; };
		5501B0522C5D000100000131 /* CharacterAnimator.swift in Sources */ = {isa = PBXBuildFile; fileRef = 5501B0512C5D000100000131 /* CharacterAnimator.swift */; };
		5501B0542C5D000100000132 /* OptaTextView.swift in Sources */ = {isa = PBXBuildFile; fileRef = 5501B0532C5D000100000132 /* OptaTextView.swift */; };
		5501B0562C5D000100000133 /* OptaTextZone.swift in Sources */ = {isa = PBXBuildFile; fileRef = 5501B0552C5D000100000133 /* OptaTextZone.swift */; };
		/* Phase 85 additions - Dashboard Obsidian Refresh */
		5501B0582C5D000100000134 /* SparklineView.swift in Sources */ = {isa = PBXBuildFile; fileRef = 5501B0572C5D000100000134 /* SparklineView.swift */; };
		5501B05A2C5D000100000135 /* PanelBridge.swift in Sources */ = {isa = PBXBuildFile; fileRef = 5501B0592C5D000100000135 /* PanelBridge.swift */; };
		5501B05C2C5D000100000136 /* Color+Hex.swift in Sources */ = {isa = PBXBuildFile; fileRef = 5501B05B2C5D000100000136 /* Color+Hex.swift */; };
		/* Phase 88 additions - Organic Motion System */
		5501B05E2C5D000100000138 /* OrganicMotion.swift in Sources */ = {isa = PBXBuildFile; fileRef = 5501B05D2C5D000100000138 /* OrganicMotion.swift */; };
		5501B0602C5D000100000139 /* OrganicMotionModifiers.swift in Sources */ = {isa = PBXBuildFile; fileRef = 5501B05F2C5D000100000139 /* OrganicMotionModifiers.swift */; };
		/* Phase 89 additions - Color Temperature Refinement */
		5501B0622C5D00010000013A /* ColorTemperature.swift in Sources */ = {isa = PBXBuildFile; fileRef = 5501B0612C5D00010000013A /* ColorTemperature.swift */; };
		5501B0642C5D00010000013B /* ColorTemperatureEnvironment.swift in Sources */ = {isa = PBXBuildFile; fileRef = 5501B0632C5D00010000013B /* ColorTemperatureEnvironment.swift */; };
		/* Circular Menu Integration */
		5501B0672C5D00010000013C /* CircularMenuView.swift in Sources */ = {isa = PBXBuildFile; fileRef = 5501B0662C5D00010000013C /* CircularMenuView.swift */; };
		5501B0692C5D00010000013D /* CircularMenuNavigation.swift in Sources */ = {isa = PBXBuildFile; fileRef = 5501B0682C5D00010000013D /* CircularMenuNavigation.swift */; };
		5501B06B2C5D00010000013E /* CircularMenuAccessibility.swift in Sources */ = {isa = PBXBuildFile; fileRef = 5501B06A2C5D00010000013E /* CircularMenuAccessibility.swift */; };
		/* Phase 91 additions - Optimize Page & Process Management */
		5501B0712C5D000100000141 /* OptimizeView.swift in Sources */ = {isa = PBXBuildFile; fileRef = 5501B0702C5D000100000141 /* OptimizeView.swift */; };
		5501B06F2C5D000100000140 /* ProcessesView.swift in Sources */ = {isa = PBXBuildFile; fileRef = 5501B06E2C5D000100000140 /* ProcessesView.swift */; };
		/* Phase 92 additions - AI Chat */
		5501B0752C5D000100000151 /* ChatModels.swift in Sources */ = {isa = PBXBuildFile; fileRef = 5501B0742C5D000100000150 /* ChatModels.swift */; };
		5501B0772C5D000100000153 /* AiChatView.swift in Sources */ = {isa = PBXBuildFile; fileRef = 5501B0762C5D000100000152 /* AiChatView.swift */; };
		5501B0792C5D000100000155 /* ChatMessageBubble.swift in Sources */ = {isa = PBXBuildFile; fileRef = 5501B0782C5D000100000154 /* ChatMessageBubble.swift */; };
		5501B07B2C5D000100000157 /* ChatInputView.swift in Sources */ = {isa = PBXBuildFile; fileRef = 5501B07A2C5D000100000156 /* ChatInputView.swift */; };
		/* Phase 92-02 additions - LLM Services */
		5501B0812C5D000100000161 /* LLMService.swift in Sources */ = {isa = PBXBuildFile; fileRef = 5501B0802C5D000100000160 /* LLMService.swift */; };
		5501B0832C5D000100000163 /* CloudLLMService.swift in Sources */ = {isa = PBXBuildFile; fileRef = 5501B0822C5D000100000162 /* CloudLLMService.swift */; };
		5501B0852C5D000100000165 /* LocalLLMService.swift in Sources */ = {isa = PBXBuildFile; fileRef = 5501B0842C5D000100000164 /* LocalLLMService.swift */; };
		5501B0872C5D000100000167 /* SemanticRouter.swift in Sources */ = {isa = PBXBuildFile; fileRef = 5501B0862C5D000100000166 /* SemanticRouter.swift */; };
		5501B0892C5D000100000169 /* ChatService.swift in Sources */ = {isa = PBXBuildFile; fileRef = 5501B0882C5D000100000168 /* ChatService.swift */; };
		/* Phase 93 additions - Command Palette */
		5501B08B2C5D00010000016B /* CommandPaletteModels.swift in Sources */ = {isa = PBXBuildFile; fileRef = 5501B08A2C5D00010000016A /* CommandPaletteModels.swift */; };
		5501B08D2C5D00010000016D /* CommandPaletteView.swift in Sources */ = {isa = PBXBuildFile; fileRef = 5501B08C2C5D00010000016C /* CommandPaletteView.swift */; };
		/* Phase 94 additions - Score Breakdown */
		5501B0902C5D000100000170 /* ScoreModels.swift in Sources */ = {isa = PBXBuildFile; fileRef = 5501B08F2C5D00010000016F /* ScoreModels.swift */; };
		5501B0922C5D000100000172 /* ScoreDetailView.swift in Sources */ = {isa = PBXBuildFile; fileRef = 5501B0912C5D000100000171 /* ScoreDetailView.swift */; };
		5501B0942C5D000100000174 /* ScoreCategoryCard.swift in Sources */ = {isa = PBXBuildFile; fileRef = 5501B0932C5D000100000173 /* ScoreCategoryCard.swift */; };
		5501B0962C5D000100000176 /* ScoreHistoryChart.swift in Sources */ = {isa = PBXBuildFile; fileRef = 5501B0952C5D000100000175 /* ScoreHistoryChart.swift */; };
		/* Phase 95 additions - Gamification */
		5501B09B2C5D000100000181 /* GamificationModels.swift in Sources */ = {isa = PBXBuildFile; fileRef = 5501B09A2C5D000100000180 /* GamificationModels.swift */; };
		5501B09D2C5D000100000183 /* GamificationManager.swift in Sources */ = {isa = PBXBuildFile; fileRef = 5501B09C2C5D000100000182 /* GamificationManager.swift */; };
		5501B09F2C5D000100000185 /* GamificationDashboard.swift in Sources */ = {isa = PBXBuildFile; fileRef = 5501B09E2C5D000100000184 /* GamificationDashboard.swift */; };
		5501B0A12C5D000100000187 /* BadgeCollectionView.swift in Sources */ = {isa = PBXBuildFile; fileRef = 5501B0A02C5D000100000186 /* BadgeCollectionView.swift */; };
		5501B0A32C5D000100000189 /* AchievementUnlockOverlay.swift in Sources */ = {isa = PBXBuildFile; fileRef = 5501B0A22C5D000100000188 /* AchievementUnlockOverlay.swift */; };
/* End PBXBuildFile section */

/* Begin PBXFileReference section */
		5501A0002C5D000100000001 /* OptaAppApp.swift */ = {isa = PBXFileReference; lastKnownFileType = sourcecode.swift; path = OptaAppApp.swift; sourceTree = "<group>"; };
		5501A0022C5D000100000002 /* ContentView.swift */ = {isa = PBXFileReference; lastKnownFileType = sourcecode.swift; path = ContentView.swift; sourceTree = "<group>"; };
		5501A0042C5D000100000003 /* RustBridge.swift */ = {isa = PBXFileReference; lastKnownFileType = sourcecode.swift; path = RustBridge.swift; sourceTree = "<group>"; };
		5501A0062C5D000100000004 /* MetalRenderView.swift */ = {isa = PBXFileReference; lastKnownFileType = sourcecode.swift; path = MetalRenderView.swift; sourceTree = "<group>"; };
		5501A0082C5D000100000005 /* RenderCoordinator.swift */ = {isa = PBXFileReference; lastKnownFileType = sourcecode.swift; path = RenderCoordinator.swift; sourceTree = "<group>"; };
		5501A00A2C5D000100000006 /* DisplayLinkController.swift */ = {isa = PBXFileReference; lastKnownFileType = sourcecode.swift; path = DisplayLinkController.swift; sourceTree = "<group>"; };
		5501A00C2C5D000100000007 /* HapticsManager.swift */ = {isa = PBXFileReference; lastKnownFileType = sourcecode.swift; path = HapticsManager.swift; sourceTree = "<group>"; };
		5501A00E2C5D000100000008 /* MenuBarView.swift */ = {isa = PBXFileReference; lastKnownFileType = sourcecode.swift; path = MenuBarView.swift; sourceTree = "<group>"; };
		5501A0102C5D000100000009 /* MenuBarIcon.swift */ = {isa = PBXFileReference; lastKnownFileType = sourcecode.swift; path = MenuBarIcon.swift; sourceTree = "<group>"; };
		5501A0122C5D00010000000A /* SettingsView.swift */ = {isa = PBXFileReference; lastKnownFileType = sourcecode.swift; path = SettingsView.swift; sourceTree = "<group>"; };
		5501A0142C5D00010000000B /* LaunchAtLogin.swift */ = {isa = PBXFileReference; lastKnownFileType = sourcecode.swift; path = LaunchAtLogin.swift; sourceTree = "<group>"; };
		5501A0162C5D00010000000C /* OptaCore.swift */ = {isa = PBXFileReference; lastKnownFileType = sourcecode.swift; path = OptaCore.swift; sourceTree = "<group>"; };
		5501A0182C5D00010000000D /* libopta_render.a */ = {isa = PBXFileReference; lastKnownFileType = archive.ar; path = libopta_render.a; sourceTree = "<group>"; };
		5501A01A2C5D000100000099 /* libopta_core.a */ = {isa = PBXFileReference; lastKnownFileType = archive.ar; path = libopta_core.a; sourceTree = "<group>"; };
		5501A01A2C5D00010000000E /* OptaRender-Bridging-Header.h */ = {isa = PBXFileReference; lastKnownFileType = sourcecode.c.h; path = "OptaRender-Bridging-Header.h"; sourceTree = "<group>"; };
		5501A01C2C5D00010000000F /* opta_coreFFI.h */ = {isa = PBXFileReference; lastKnownFileType = sourcecode.c.h; path = opta_coreFFI.h; sourceTree = "<group>"; };
		5501A01E2C5D000100000010 /* opta_coreFFI.modulemap */ = {isa = PBXFileReference; lastKnownFileType = "sourcecode.module-map"; path = opta_coreFFI.modulemap; sourceTree = "<group>"; };
		5501A0202C5D000100000011 /* Info.plist */ = {isa = PBXFileReference; lastKnownFileType = text.plist.xml; path = Info.plist; sourceTree = "<group>"; };
		5501A0222C5D000100000012 /* OptaApp.entitlements */ = {isa = PBXFileReference; lastKnownFileType = text.plist.entitlements; path = OptaApp.entitlements; sourceTree = "<group>"; };
		5501A0232C5D0001000000B0 /* Assets.xcassets */ = {isa = PBXFileReference; lastKnownFileType = folder.assetcatalog; path = Assets.xcassets; sourceTree = "<group>"; };
		5501A0FF2C5D000100000099 /* OptaApp.app */ = {isa = PBXFileReference; explicitFileType = wrapper.application; includeInIndex = 0; path = OptaApp.app; sourceTree = BUILT_PRODUCTS_DIR; };
		/* Phase 69-75 additions */
		5501B0002C5D000100000101 /* EffectExecutor.swift */ = {isa = PBXFileReference; lastKnownFileType = sourcecode.swift; path = EffectExecutor.swift; sourceTree = "<group>"; };
		5501B0022C5D000100000102 /* OptaCoreManager.swift */ = {isa = PBXFileReference; lastKnownFileType = sourcecode.swift; path = OptaCoreManager.swift; sourceTree = "<group>"; };
		5501B0042C5D000100000103 /* OptaViewModel.swift */ = {isa = PBXFileReference; lastKnownFileType = sourcecode.swift; path = OptaViewModel.swift; sourceTree = "<group>"; };
		5501B0062C5D000100000104 /* Game.swift */ = {isa = PBXFileReference; lastKnownFileType = sourcecode.swift; path = Game.swift; sourceTree = "<group>"; };
		5501B0082C5D000100000105 /* OptimizationProfile.swift */ = {isa = PBXFileReference; lastKnownFileType = sourcecode.swift; path = OptimizationProfile.swift; sourceTree = "<group>"; };
		5501B00A2C5D000100000106 /* DashboardView.swift */ = {isa = PBXFileReference; lastKnownFileType = sourcecode.swift; path = DashboardView.swift; sourceTree = "<group>"; };
		5501B00C2C5D000100000107 /* OptaRingView.swift */ = {isa = PBXFileReference; lastKnownFileType = sourcecode.swift; path = OptaRingView.swift; sourceTree = "<group>"; };
		5501B00E2C5D000100000108 /* QuickActions.swift */ = {isa = PBXFileReference; lastKnownFileType = sourcecode.swift; path = QuickActions.swift; sourceTree = "<group>"; };
		5501B0102C5D000100000109 /* ScoreDisplay.swift */ = {isa = PBXFileReference; lastKnownFileType = sourcecode.swift; path = ScoreDisplay.swift; sourceTree = "<group>"; };
		5501B0122C5D00010000010A /* TelemetryCard.swift */ = {isa = PBXFileReference; lastKnownFileType = sourcecode.swift; path = TelemetryCard.swift; sourceTree = "<group>"; };
		5501B0142C5D00010000010B /* ProfileManagerView.swift */ = {isa = PBXFileReference; lastKnownFileType = sourcecode.swift; path = ProfileManagerView.swift; sourceTree = "<group>"; };
		5501B0162C5D00010000010C /* KeyboardShortcutsView.swift */ = {isa = PBXFileReference; lastKnownFileType = sourcecode.swift; path = KeyboardShortcutsView.swift; sourceTree = "<group>"; };
		5501B0182C5D00010000010D /* ThemeCustomizationView.swift */ = {isa = PBXFileReference; lastKnownFileType = sourcecode.swift; path = ThemeCustomizationView.swift; sourceTree = "<group>"; };
		5501B01A2C5D00010000010E /* GameCardView.swift */ = {isa = PBXFileReference; lastKnownFileType = sourcecode.swift; path = GameCardView.swift; sourceTree = "<group>"; };
		5501B01C2C5D00010000010F /* GameDetailView.swift */ = {isa = PBXFileReference; lastKnownFileType = sourcecode.swift; path = GameDetailView.swift; sourceTree = "<group>"; };
		5501B01E2C5D000100000110 /* GamesLibraryView.swift */ = {isa = PBXFileReference; lastKnownFileType = sourcecode.swift; path = GamesLibraryView.swift; sourceTree = "<group>"; };
		5501B0202C5D000100000111 /* GameDetectionService.swift */ = {isa = PBXFileReference; lastKnownFileType = sourcecode.swift; path = GameDetectionService.swift; sourceTree = "<group>"; };
		5501B0222C5D000100000112 /* NotificationService.swift */ = {isa = PBXFileReference; lastKnownFileType = sourcecode.swift; path = NotificationService.swift; sourceTree = "<group>"; };
		5501B0242C5D000100000113 /* AgentModeManager.swift */ = {isa = PBXFileReference; lastKnownFileType = sourcecode.swift; path = AgentModeManager.swift; sourceTree = "<group>"; };
		5501B0262C5D000100000114 /* SpatialAudioManager.swift */ = {isa = PBXFileReference; lastKnownFileType = sourcecode.swift; path = SpatialAudioManager.swift; sourceTree = "<group>"; };
		5501B0282C5D000100000115 /* ThermalStateManager.swift */ = {isa = PBXFileReference; lastKnownFileType = sourcecode.swift; path = ThermalStateManager.swift; sourceTree = "<group>"; };
		5501B02A2C5D000100000116 /* SensoryManager.swift */ = {isa = PBXFileReference; lastKnownFileType = sourcecode.swift; path = SensoryManager.swift; sourceTree = "<group>"; };
		/* AHAP Resources */
		5501B02C2C5D000100000117 /* ring_explosion.ahap */ = {isa = PBXFileReference; lastKnownFileType = file; path = ring_explosion.ahap; sourceTree = "<group>"; };
		5501B02E2C5D000100000118 /* optimization_pulse.ahap */ = {isa = PBXFileReference; lastKnownFileType = file; path = optimization_pulse.ahap; sourceTree = "<group>"; };
		5501B0302C5D000100000119 /* wake_up.ahap */ = {isa = PBXFileReference; lastKnownFileType = file; path = wake_up.ahap; sourceTree = "<group>"; };
		5501B0322C5D00010000011A /* warning.ahap */ = {isa = PBXFileReference; lastKnownFileType = file; path = warning.ahap; sourceTree = "<group>"; };
		5501B0342C5D00010000011B /* tap.ahap */ = {isa = PBXFileReference; lastKnownFileType = file; path = tap.ahap; sourceTree = "<group>"; };
		/* Phase 76 additions - Text Reimplementation */
		5501B04F2C5D000100000130 /* OptaTextStyle.swift */ = {isa = PBXFileReference; lastKnownFileType = sourcecode.swift; path = OptaTextStyle.swift; sourceTree = "<group>"; };
		5501B0512C5D000100000131 /* CharacterAnimator.swift */ = {isa = PBXFileReference; lastKnownFileType = sourcecode.swift; path = CharacterAnimator.swift; sourceTree = "<group>"; };
		5501B0532C5D000100000132 /* OptaTextView.swift */ = {isa = PBXFileReference; lastKnownFileType = sourcecode.swift; path = OptaTextView.swift; sourceTree = "<group>"; };
		5501B0552C5D000100000133 /* OptaTextZone.swift */ = {isa = PBXFileReference; lastKnownFileType = sourcecode.swift; path = OptaTextZone.swift; sourceTree = "<group>"; };
		/* Phase 85 additions - Dashboard Obsidian Refresh */
		5501B0572C5D000100000134 /* SparklineView.swift */ = {isa = PBXFileReference; lastKnownFileType = sourcecode.swift; path = SparklineView.swift; sourceTree = "<group>"; };
		5501B0592C5D000100000135 /* PanelBridge.swift */ = {isa = PBXFileReference; lastKnownFileType = sourcecode.swift; path = PanelBridge.swift; sourceTree = "<group>"; };
		5501B05B2C5D000100000136 /* Color+Hex.swift */ = {isa = PBXFileReference; lastKnownFileType = sourcecode.swift; path = "Color+Hex.swift"; sourceTree = "<group>"; };
		/* Phase 88 additions - Organic Motion System */
		5501B05D2C5D000100000138 /* OrganicMotion.swift */ = {isa = PBXFileReference; lastKnownFileType = sourcecode.swift; path = OrganicMotion.swift; sourceTree = "<group>"; };
		5501B05F2C5D000100000139 /* OrganicMotionModifiers.swift */ = {isa = PBXFileReference; lastKnownFileType = sourcecode.swift; path = OrganicMotionModifiers.swift; sourceTree = "<group>"; };
		/* Phase 89 additions - Color Temperature Refinement */
		5501B0612C5D00010000013A /* ColorTemperature.swift */ = {isa = PBXFileReference; lastKnownFileType = sourcecode.swift; path = ColorTemperature.swift; sourceTree = "<group>"; };
		5501B0632C5D00010000013B /* ColorTemperatureEnvironment.swift */ = {isa = PBXFileReference; lastKnownFileType = sourcecode.swift; path = ColorTemperatureEnvironment.swift; sourceTree = "<group>"; };
		/* Circular Menu Integration */
		5501B0662C5D00010000013C /* CircularMenuView.swift */ = {isa = PBXFileReference; lastKnownFileType = sourcecode.swift; path = CircularMenuView.swift; sourceTree = "<group>"; };
		5501B0682C5D00010000013D /* CircularMenuNavigation.swift */ = {isa = PBXFileReference; lastKnownFileType = sourcecode.swift; path = CircularMenuNavigation.swift; sourceTree = "<group>"; };
		5501B06A2C5D00010000013E /* CircularMenuAccessibility.swift */ = {isa = PBXFileReference; lastKnownFileType = sourcecode.swift; path = CircularMenuAccessibility.swift; sourceTree = "<group>"; };
		/* Phase 91 additions - Optimize Page & Process Management */
		5501B0702C5D000100000141 /* OptimizeView.swift */ = {isa = PBXFileReference; lastKnownFileType = sourcecode.swift; path = OptimizeView.swift; sourceTree = "<group>"; };
		5501B06E2C5D000100000140 /* ProcessesView.swift */ = {isa = PBXFileReference; lastKnownFileType = sourcecode.swift; path = ProcessesView.swift; sourceTree = "<group>"; };
		/* Phase 92 additions - AI Chat */
		5501B0742C5D000100000150 /* ChatModels.swift */ = {isa = PBXFileReference; lastKnownFileType = sourcecode.swift; path = ChatModels.swift; sourceTree = "<group>"; };
		5501B0762C5D000100000152 /* AiChatView.swift */ = {isa = PBXFileReference; lastKnownFileType = sourcecode.swift; path = AiChatView.swift; sourceTree = "<group>"; };
		5501B0782C5D000100000154 /* ChatMessageBubble.swift */ = {isa = PBXFileReference; lastKnownFileType = sourcecode.swift; path = ChatMessageBubble.swift; sourceTree = "<group>"; };
		5501B07A2C5D000100000156 /* ChatInputView.swift */ = {isa = PBXFileReference; lastKnownFileType = sourcecode.swift; path = ChatInputView.swift; sourceTree = "<group>"; };
		/* Phase 92-02 additions - LLM Services */
		5501B0802C5D000100000160 /* LLMService.swift */ = {isa = PBXFileReference; lastKnownFileType = sourcecode.swift; path = LLMService.swift; sourceTree = "<group>"; };
		5501B0822C5D000100000162 /* CloudLLMService.swift */ = {isa = PBXFileReference; lastKnownFileType = sourcecode.swift; path = CloudLLMService.swift; sourceTree = "<group>"; };
		5501B0842C5D000100000164 /* LocalLLMService.swift */ = {isa = PBXFileReference; lastKnownFileType = sourcecode.swift; path = LocalLLMService.swift; sourceTree = "<group>"; };
		5501B0862C5D000100000166 /* SemanticRouter.swift */ = {isa = PBXFileReference; lastKnownFileType = sourcecode.swift; path = SemanticRouter.swift; sourceTree = "<group>"; };
		5501B0882C5D000100000168 /* ChatService.swift */ = {isa = PBXFileReference; lastKnownFileType = sourcecode.swift; path = ChatService.swift; sourceTree = "<group>"; };
		5501B08A2C5D00010000016A /* CommandPaletteModels.swift */ = {isa = PBXFileReference; lastKnownFileType = sourcecode.swift; path = CommandPaletteModels.swift; sourceTree = "<group>"; };
		5501B08C2C5D00010000016C /* CommandPaletteView.swift */ = {isa = PBXFileReference; lastKnownFileType = sourcecode.swift; path = CommandPaletteView.swift; sourceTree = "<group>"; };
		/* Phase 94 additions - Score Breakdown */
		5501B08F2C5D00010000016F /* ScoreModels.swift */ = {isa = PBXFileReference; lastKnownFileType = sourcecode.swift; path = ScoreModels.swift; sourceTree = "<group>"; };
		5501B0912C5D000100000171 /* ScoreDetailView.swift */ = {isa = PBXFileReference; lastKnownFileType = sourcecode.swift; path = ScoreDetailView.swift; sourceTree = "<group>"; };
		5501B0932C5D000100000173 /* ScoreCategoryCard.swift */ = {isa = PBXFileReference; lastKnownFileType = sourcecode.swift; path = ScoreCategoryCard.swift; sourceTree = "<group>"; };
		5501B0952C5D000100000175 /* ScoreHistoryChart.swift */ = {isa = PBXFileReference; lastKnownFileType = sourcecode.swift; path = ScoreHistoryChart.swift; sourceTree = "<group>"; };
		/* Phase 95 additions - Gamification */
		5501B09A2C5D000100000180 /* GamificationModels.swift */ = {isa = PBXFileReference; lastKnownFileType = sourcecode.swift; path = GamificationModels.swift; sourceTree = "<group>"; };
		5501B09C2C5D000100000182 /* GamificationManager.swift */ = {isa = PBXFileReference; lastKnownFileType = sourcecode.swift; path = GamificationManager.swift; sourceTree = "<group>"; };
		5501B09E2C5D000100000184 /* GamificationDashboard.swift */ = {isa = PBXFileReference; lastKnownFileType = sourcecode.swift; path = GamificationDashboard.swift; sourceTree = "<group>"; };
		5501B0A02C5D000100000186 /* BadgeCollectionView.swift */ = {isa = PBXFileReference; lastKnownFileType = sourcecode.swift; path = BadgeCollectionView.swift; sourceTree = "<group>"; };
		5501B0A22C5D000100000188 /* AchievementUnlockOverlay.swift */ = {isa = PBXFileReference; lastKnownFileType = sourcecode.swift; path = AchievementUnlockOverlay.swift; sourceTree = "<group>"; };
/* End PBXFileReference section */

/* Begin PBXFrameworksBuildPhase section */
		5501A1002C5D00010000009A /* Frameworks */ = {
			isa = PBXFrameworksBuildPhase;
			buildActionMask = 2147483647;
			files = (
				5501A0192C5D00010000000D /* libopta_render.a in Frameworks */,
				5501A01B2C5D000100000099 /* libopta_core.a in Frameworks */,
			);
			runOnlyForDeploymentPostprocessing = 0;
		};
/* End PBXFrameworksBuildPhase section */

/* Begin PBXGroup section */
		5501A1012C5D00010000009B = {
			isa = PBXGroup;
			children = (
				5501A1022C5D00010000009C /* OptaApp */,
				5501A1032C5D00010000009D /* Products */,
			);
			sourceTree = "<group>";
		};
		5501A1022C5D00010000009C /* OptaApp */ = {
			isa = PBXGroup;
			children = (
				5501A0002C5D000100000001 /* OptaAppApp.swift */,
				5501A0022C5D000100000002 /* ContentView.swift */,
				5501A0232C5D0001000000B0 /* Assets.xcassets */,
				5501A0202C5D000100000011 /* Info.plist */,
				5501A0222C5D000100000012 /* OptaApp.entitlements */,
				5501A1042C5D00010000009E /* Bridge */,
				5501B0402C5D000100000120 /* Managers */,
				5501B0412C5D000100000121 /* Models */,
				5501B0422C5D000100000122 /* Services */,
				5501A1052C5D00010000009F /* Views */,
				5501A1062C5D0001000000A0 /* Rendering */,
				5501A1072C5D0001000000A1 /* Haptics */,
				5501B0432C5D000100000123 /* Audio */,
				5501A1082C5D0001000000A2 /* MenuBar */,
				5501A1092C5D0001000000A3 /* Utilities */,
				5501A10A2C5D0001000000A4 /* Generated */,
				5501A10B2C5D0001000000A5 /* Libraries */,
				5501B0482C5D000100000128 /* Design */,
				5501B0492C5D000100000129 /* Animation */,
				5501B05D2C5D000100000137 /* Extensions */,
				5501B06C2C5D00010000013F /* Navigation */,
				5501B06D2C5D000100000140 /* Accessibility */,
			);
			path = OptaApp;
			sourceTree = "<group>";
		};
		5501A1032C5D00010000009D /* Products */ = {
			isa = PBXGroup;
			children = (
				5501A0FF2C5D000100000099 /* OptaApp.app */,
			);
			name = Products;
			sourceTree = "<group>";
		};
		5501A1042C5D00010000009E /* Bridge */ = {
			isa = PBXGroup;
			children = (
				5501A0042C5D000100000003 /* RustBridge.swift */,
				5501B0002C5D000100000101 /* EffectExecutor.swift */,
				5501A01A2C5D00010000000E /* OptaRender-Bridging-Header.h */,
				5501B0592C5D000100000135 /* PanelBridge.swift */,
			);
			path = Bridge;
			sourceTree = "<group>";
		};
		5501B0402C5D000100000120 /* Managers */ = {
			isa = PBXGroup;
			children = (
				5501B0022C5D000100000102 /* OptaCoreManager.swift */,
				5501B02A2C5D000100000116 /* SensoryManager.swift */,
			);
			path = Managers;
			sourceTree = "<group>";
		};
		5501B0412C5D000100000121 /* Models */ = {
			isa = PBXGroup;
			children = (
				5501B0042C5D000100000103 /* OptaViewModel.swift */,
				5501B0062C5D000100000104 /* Game.swift */,
				5501B0082C5D000100000105 /* OptimizationProfile.swift */,
				5501B0742C5D000100000150 /* ChatModels.swift */,
				5501B08A2C5D00010000016A /* CommandPaletteModels.swift */,
				5501B08F2C5D00010000016F /* ScoreModels.swift */,
				5501B09A2C5D000100000180 /* GamificationModels.swift */,
			);
			path = Models;
			sourceTree = "<group>";
		};
		5501B0422C5D000100000122 /* Services */ = {
			isa = PBXGroup;
			children = (
				5501B0202C5D000100000111 /* GameDetectionService.swift */,
				5501B0222C5D000100000112 /* NotificationService.swift */,
				5501B0242C5D000100000113 /* AgentModeManager.swift */,
				5501B0282C5D000100000115 /* ThermalStateManager.swift */,
				5501B0802C5D000100000160 /* LLMService.swift */,
				5501B0822C5D000100000162 /* CloudLLMService.swift */,
				5501B0842C5D000100000164 /* LocalLLMService.swift */,
				5501B0862C5D000100000166 /* SemanticRouter.swift */,
				5501B0882C5D000100000168 /* ChatService.swift */,
				5501B09C2C5D000100000182 /* GamificationManager.swift */,
			);
			path = Services;
			sourceTree = "<group>";
		};
		5501A1052C5D00010000009F /* Views */ = {
			isa = PBXGroup;
			children = (
				5501A0062C5D000100000004 /* MetalRenderView.swift */,
				5501A0122C5D00010000000A /* SettingsView.swift */,
				5501B00A2C5D000100000106 /* DashboardView.swift */,
				5501B0702C5D000100000141 /* OptimizeView.swift */,
				5501B06E2C5D000100000140 /* ProcessesView.swift */,
				5501B0442C5D000100000124 /* Components */,
				5501B0452C5D000100000125 /* Settings */,
				5501B0462C5D000100000126 /* Games */,
				5501B08E2C5D00010000016E /* Score */,
				5501B07C2C5D000100000158 /* AiChat */,
				5501B0A42C5D00010000018A /* Gamification */,
			);
			path = Views;
			sourceTree = "<group>";
		};
		5501B0A42C5D00010000018A /* Gamification */ = {
			isa = PBXGroup;
			children = (
				5501B09E2C5D000100000184 /* GamificationDashboard.swift */,
				5501B0A02C5D000100000186 /* BadgeCollectionView.swift */,
				5501B0A22C5D000100000188 /* AchievementUnlockOverlay.swift */,
			);
			path = Gamification;
			sourceTree = "<group>";
		};
		5501B0442C5D000100000124 /* Components */ = {
			isa = PBXGroup;
			children = (
				5501B00C2C5D000100000107 /* OptaRingView.swift */,
				5501B00E2C5D000100000108 /* QuickActions.swift */,
				5501B0102C5D000100000109 /* ScoreDisplay.swift */,
				5501B0122C5D00010000010A /* TelemetryCard.swift */,
				5501B0532C5D000100000132 /* OptaTextView.swift */,
				5501B0552C5D000100000133 /* OptaTextZone.swift */,
				5501B0572C5D000100000134 /* SparklineView.swift */,
				5501B0662C5D00010000013C /* CircularMenuView.swift */,
				5501B08C2C5D00010000016C /* CommandPaletteView.swift */,
			);
			path = Components;
			sourceTree = "<group>";
		};
		5501B0452C5D000100000125 /* Settings */ = {
			isa = PBXGroup;
			children = (
				5501B0142C5D00010000010B /* ProfileManagerView.swift */,
				5501B0162C5D00010000010C /* KeyboardShortcutsView.swift */,
				5501B0182C5D00010000010D /* ThemeCustomizationView.swift */,
			);
			path = Settings;
			sourceTree = "<group>";
		};
		5501B0462C5D000100000126 /* Games */ = {
			isa = PBXGroup;
			children = (
				5501B01A2C5D00010000010E /* GameCardView.swift */,
				5501B01C2C5D00010000010F /* GameDetailView.swift */,
				5501B01E2C5D000100000110 /* GamesLibraryView.swift */,
			);
			path = Games;
			sourceTree = "<group>";
		};
		5501B08E2C5D00010000016E /* Score */ = {
			isa = PBXGroup;
			children = (
				5501B0912C5D000100000171 /* ScoreDetailView.swift */,
				5501B0932C5D000100000173 /* ScoreCategoryCard.swift */,
				5501B0952C5D000100000175 /* ScoreHistoryChart.swift */,
			);
			path = Score;
			sourceTree = "<group>";
		};
		5501A1062C5D0001000000A0 /* Rendering */ = {
			isa = PBXGroup;
			children = (
				5501A0082C5D000100000005 /* RenderCoordinator.swift */,
				5501A00A2C5D000100000006 /* DisplayLinkController.swift */,
			);
			path = Rendering;
			sourceTree = "<group>";
		};
		5501A1072C5D0001000000A1 /* Haptics */ = {
			isa = PBXGroup;
			children = (
				5501A00C2C5D000100000007 /* HapticsManager.swift */,
				5501B0472C5D000100000127 /* Resources */,
			);
			path = Haptics;
			sourceTree = "<group>";
		};
		5501B0472C5D000100000127 /* Resources */ = {
			isa = PBXGroup;
			children = (
				5501B02C2C5D000100000117 /* ring_explosion.ahap */,
				5501B02E2C5D000100000118 /* optimization_pulse.ahap */,
				5501B0302C5D000100000119 /* wake_up.ahap */,
				5501B0322C5D00010000011A /* warning.ahap */,
				5501B0342C5D00010000011B /* tap.ahap */,
			);
			path = Resources;
			sourceTree = "<group>";
		};
		5501B0432C5D000100000123 /* Audio */ = {
			isa = PBXGroup;
			children = (
				5501B0262C5D000100000114 /* SpatialAudioManager.swift */,
			);
			path = Audio;
			sourceTree = "<group>";
		};
		5501A1082C5D0001000000A2 /* MenuBar */ = {
			isa = PBXGroup;
			children = (
				5501A00E2C5D000100000008 /* MenuBarView.swift */,
				5501A0102C5D000100000009 /* MenuBarIcon.swift */,
			);
			path = MenuBar;
			sourceTree = "<group>";
		};
		5501A1092C5D0001000000A3 /* Utilities */ = {
			isa = PBXGroup;
			children = (
				5501A0142C5D00010000000B /* LaunchAtLogin.swift */,
			);
			path = Utilities;
			sourceTree = "<group>";
		};
		5501A10A2C5D0001000000A4 /* Generated */ = {
			isa = PBXGroup;
			children = (
				5501A0162C5D00010000000C /* OptaCore.swift */,
				5501A01C2C5D00010000000F /* opta_coreFFI.h */,
				5501A01E2C5D000100000010 /* opta_coreFFI.modulemap */,
			);
			path = Generated;
			sourceTree = "<group>";
		};
		5501A10B2C5D0001000000A5 /* Libraries */ = {
			isa = PBXGroup;
			children = (
				5501A0182C5D00010000000D /* libopta_render.a */,
				5501A01A2C5D000100000099 /* libopta_core.a */,
			);
			path = Libraries;
			sourceTree = "<group>";
		};
		5501B0482C5D000100000128 /* Design */ = {
			isa = PBXGroup;
			children = (
				5501B04F2C5D000100000130 /* OptaTextStyle.swift */,
				5501B0612C5D00010000013A /* ColorTemperature.swift */,
				5501B0632C5D00010000013B /* ColorTemperatureEnvironment.swift */,
			);
			path = Design;
			sourceTree = "<group>";
		};
		5501B0492C5D000100000129 /* Animation */ = {
			isa = PBXGroup;
			children = (
				5501B0512C5D000100000131 /* CharacterAnimator.swift */,
				5501B05D2C5D000100000138 /* OrganicMotion.swift */,
				5501B05F2C5D000100000139 /* OrganicMotionModifiers.swift */,
			);
			path = Animation;
			sourceTree = "<group>";
		};
		5501B05D2C5D000100000137 /* Extensions */ = {
			isa = PBXGroup;
			children = (
				5501B05B2C5D000100000136 /* Color+Hex.swift */,
			);
			path = Extensions;
			sourceTree = "<group>";
		};
		5501B06C2C5D00010000013F /* Navigation */ = {
			isa = PBXGroup;
			children = (
				5501B0682C5D00010000013D /* CircularMenuNavigation.swift */,
			);
			path = Navigation;
			sourceTree = "<group>";
		};
		5501B06D2C5D000100000140 /* Accessibility */ = {
			isa = PBXGroup;
			children = (
				5501B06A2C5D00010000013E /* CircularMenuAccessibility.swift */,
			);
			path = Accessibility;
			sourceTree = "<group>";
		};
		5501B07C2C5D000100000158 /* AiChat */ = {
			isa = PBXGroup;
			children = (
				5501B0762C5D000100000152 /* AiChatView.swift */,
				5501B0782C5D000100000154 /* ChatMessageBubble.swift */,
				5501B07A2C5D000100000156 /* ChatInputView.swift */,
			);
			path = AiChat;
			sourceTree = "<group>";
		};
/* End PBXGroup section */

/* Begin PBXNativeTarget section */
		5501A10C2C5D0001000000A6 /* OptaApp */ = {
			isa = PBXNativeTarget;
			buildConfigurationList = 5501A10D2C5D0001000000A7 /* Build configuration list for PBXNativeTarget "OptaApp" */;
			buildPhases = (
				5501A10E2C5D0001000000A8 /* Sources */,
				5501A1002C5D00010000009A /* Frameworks */,
				5501A10F2C5D0001000000A9 /* Resources */,
			);
			buildRules = (
			);
			dependencies = (
			);
			name = OptaApp;
			productName = OptaApp;
			productReference = 5501A0FF2C5D000100000099 /* OptaApp.app */;
			productType = "com.apple.product-type.application";
		};
/* End PBXNativeTarget section */

/* Begin PBXProject section */
		5501A1102C5D0001000000AA /* Project object */ = {
			isa = PBXProject;
			attributes = {
				BuildIndependentTargetsInParallel = 1;
				LastSwiftUpdateCheck = 1540;
				LastUpgradeCheck = 1540;
				TargetAttributes = {
					5501A10C2C5D0001000000A6 = {
						CreatedOnToolsVersion = 15.4;
					};
				};
			};
			buildConfigurationList = 5501A1112C5D0001000000AB /* Build configuration list for PBXProject "OptaApp" */;
			compatibilityVersion = "Xcode 14.0";
			developmentRegion = en;
			hasScannedForEncodings = 0;
			knownRegions = (
				en,
				Base,
			);
			mainGroup = 5501A1012C5D00010000009B;
			productRefGroup = 5501A1032C5D00010000009D /* Products */;
			projectDirPath = "";
			projectRoot = "";
			targets = (
				5501A10C2C5D0001000000A6 /* OptaApp */,
			);
		};
/* End PBXProject section */

/* Begin PBXResourcesBuildPhase section */
		5501A10F2C5D0001000000A9 /* Resources */ = {
			isa = PBXResourcesBuildPhase;
			buildActionMask = 2147483647;
			files = (
				5501A0242C5D0001000000B0 /* Assets.xcassets in Resources */,
				5501B02D2C5D000100000117 /* ring_explosion.ahap in Resources */,
				5501B02F2C5D000100000118 /* optimization_pulse.ahap in Resources */,
				5501B0312C5D000100000119 /* wake_up.ahap in Resources */,
				5501B0332C5D00010000011A /* warning.ahap in Resources */,
				5501B0352C5D00010000011B /* tap.ahap in Resources */,
			);
			runOnlyForDeploymentPostprocessing = 0;
		};
/* End PBXResourcesBuildPhase section */

/* Begin PBXSourcesBuildPhase section */
		5501A10E2C5D0001000000A8 /* Sources */ = {
			isa = PBXSourcesBuildPhase;
			buildActionMask = 2147483647;
			files = (
				5501A0012C5D000100000001 /* OptaAppApp.swift in Sources */,
				5501A0032C5D000100000002 /* ContentView.swift in Sources */,
				5501A0052C5D000100000003 /* RustBridge.swift in Sources */,
				5501B0012C5D000100000101 /* EffectExecutor.swift in Sources */,
				5501A0072C5D000100000004 /* MetalRenderView.swift in Sources */,
				5501A0092C5D000100000005 /* RenderCoordinator.swift in Sources */,
				5501A00B2C5D000100000006 /* DisplayLinkController.swift in Sources */,
				5501A00D2C5D000100000007 /* HapticsManager.swift in Sources */,
				5501A00F2C5D000100000008 /* MenuBarView.swift in Sources */,
				5501A0112C5D000100000009 /* MenuBarIcon.swift in Sources */,
				5501A0132C5D00010000000A /* SettingsView.swift in Sources */,
				5501A0152C5D00010000000B /* LaunchAtLogin.swift in Sources */,
				5501A0172C5D00010000000C /* OptaCore.swift in Sources */,
				5501B0032C5D000100000102 /* OptaCoreManager.swift in Sources */,
				5501B0052C5D000100000103 /* OptaViewModel.swift in Sources */,
				5501B0072C5D000100000104 /* Game.swift in Sources */,
				5501B0092C5D000100000105 /* OptimizationProfile.swift in Sources */,
				5501B00B2C5D000100000106 /* DashboardView.swift in Sources */,
				5501B00D2C5D000100000107 /* OptaRingView.swift in Sources */,
				5501B00F2C5D000100000108 /* QuickActions.swift in Sources */,
				5501B0112C5D000100000109 /* ScoreDisplay.swift in Sources */,
				5501B0132C5D00010000010A /* TelemetryCard.swift in Sources */,
				5501B0152C5D00010000010B /* ProfileManagerView.swift in Sources */,
				5501B0172C5D00010000010C /* KeyboardShortcutsView.swift in Sources */,
				5501B0192C5D00010000010D /* ThemeCustomizationView.swift in Sources */,
				5501B01B2C5D00010000010E /* GameCardView.swift in Sources */,
				5501B01D2C5D00010000010F /* GameDetailView.swift in Sources */,
				5501B01F2C5D000100000110 /* GamesLibraryView.swift in Sources */,
				5501B0212C5D000100000111 /* GameDetectionService.swift in Sources */,
				5501B0232C5D000100000112 /* NotificationService.swift in Sources */,
				5501B0252C5D000100000113 /* AgentModeManager.swift in Sources */,
				5501B0272C5D000100000114 /* SpatialAudioManager.swift in Sources */,
				5501B0292C5D000100000115 /* ThermalStateManager.swift in Sources */,
				5501B02B2C5D000100000116 /* SensoryManager.swift in Sources */,
				5501B0502C5D000100000130 /* OptaTextStyle.swift in Sources */,
				5501B0522C5D000100000131 /* CharacterAnimator.swift in Sources */,
				5501B0542C5D000100000132 /* OptaTextView.swift in Sources */,
				5501B0562C5D000100000133 /* OptaTextZone.swift in Sources */,
				5501B0582C5D000100000134 /* SparklineView.swift in Sources */,
				5501B05A2C5D000100000135 /* PanelBridge.swift in Sources */,
				5501B05C2C5D000100000136 /* Color+Hex.swift in Sources */,
				5501B05E2C5D000100000138 /* OrganicMotion.swift in Sources */,
				5501B0602C5D000100000139 /* OrganicMotionModifiers.swift in Sources */,
				5501B0622C5D00010000013A /* ColorTemperature.swift in Sources */,
				5501B0642C5D00010000013B /* ColorTemperatureEnvironment.swift in Sources */,
				5501B0672C5D00010000013C /* CircularMenuView.swift in Sources */,
				5501B0692C5D00010000013D /* CircularMenuNavigation.swift in Sources */,
				5501B06B2C5D00010000013E /* CircularMenuAccessibility.swift in Sources */,
				5501B0712C5D000100000141 /* OptimizeView.swift in Sources */,
				5501B06F2C5D000100000140 /* ProcessesView.swift in Sources */,
				5501B0752C5D000100000151 /* ChatModels.swift in Sources */,
				5501B0772C5D000100000153 /* AiChatView.swift in Sources */,
				5501B0792C5D000100000155 /* ChatMessageBubble.swift in Sources */,
				5501B07B2C5D000100000157 /* ChatInputView.swift in Sources */,
				5501B0812C5D000100000161 /* LLMService.swift in Sources */,
				5501B0832C5D000100000163 /* CloudLLMService.swift in Sources */,
				5501B0852C5D000100000165 /* LocalLLMService.swift in Sources */,
				5501B0872C5D000100000167 /* SemanticRouter.swift in Sources */,
				5501B0892C5D000100000169 /* ChatService.swift in Sources */,
				5501B08B2C5D00010000016B /* CommandPaletteModels.swift in Sources */,
				5501B08D2C5D00010000016D /* CommandPaletteView.swift in Sources */,
				5501B0902C5D000100000170 /* ScoreModels.swift in Sources */,
				5501B0922C5D000100000172 /* ScoreDetailView.swift in Sources */,
				5501B0942C5D000100000174 /* ScoreCategoryCard.swift in Sources */,
				5501B0962C5D000100000176 /* ScoreHistoryChart.swift in Sources */,
				5501B09B2C5D000100000181 /* GamificationModels.swift in Sources */,
				5501B09D2C5D000100000183 /* GamificationManager.swift in Sources */,
				5501B09F2C5D000100000185 /* GamificationDashboard.swift in Sources */,
				5501B0A12C5D000100000187 /* BadgeCollectionView.swift in Sources */,
				5501B0A32C5D000100000189 /* AchievementUnlockOverlay.swift in Sources */,
			);
			runOnlyForDeploymentPostprocessing = 0;
		};
/* End PBXSourcesBuildPhase section */

/* Begin XCBuildConfiguration section */
		5501A1122C5D0001000000AC /* Debug */ = {
			isa = XCBuildConfiguration;
			buildSettings = {
				ALWAYS_SEARCH_USER_PATHS = NO;
				ASSETCATALOG_COMPILER_GENERATE_SWIFT_ASSET_SYMBOL_EXTENSIONS = YES;
				CLANG_ANALYZER_NONNULL = YES;
				CLANG_ANALYZER_NUMBER_OBJECT_CONVERSION = YES_AGGRESSIVE;
				CLANG_CXX_LANGUAGE_STANDARD = "gnu++20";
				CLANG_ENABLE_MODULES = YES;
				CLANG_ENABLE_OBJC_ARC = YES;
				CLANG_ENABLE_OBJC_WEAK = YES;
				CLANG_WARN_BLOCK_CAPTURE_AUTORELEASING = YES;
				CLANG_WARN_BOOL_CONVERSION = YES;
				CLANG_WARN_COMMA = YES;
				CLANG_WARN_CONSTANT_CONVERSION = YES;
				CLANG_WARN_DEPRECATED_OBJC_IMPLEMENTATIONS = YES;
				CLANG_WARN_DIRECT_OBJC_ISA_USAGE = YES_ERROR;
				CLANG_WARN_DOCUMENTATION_COMMENTS = YES;
				CLANG_WARN_EMPTY_BODY = YES;
				CLANG_WARN_ENUM_CONVERSION = YES;
				CLANG_WARN_INFINITE_RECURSION = YES;
				CLANG_WARN_INT_CONVERSION = YES;
				CLANG_WARN_NON_LITERAL_NULL_CONVERSION = YES;
				CLANG_WARN_OBJC_IMPLICIT_RETAIN_SELF = YES;
				CLANG_WARN_OBJC_LITERAL_CONVERSION = YES;
				CLANG_WARN_OBJC_ROOT_CLASS = YES_ERROR;
				CLANG_WARN_QUOTED_INCLUDE_IN_FRAMEWORK_HEADER = YES;
				CLANG_WARN_RANGE_LOOP_ANALYSIS = YES;
				CLANG_WARN_STRICT_PROTOTYPES = YES;
				CLANG_WARN_SUSPICIOUS_MOVE = YES;
				CLANG_WARN_UNGUARDED_AVAILABILITY = YES_AGGRESSIVE;
				CLANG_WARN_UNREACHABLE_CODE = YES;
				CLANG_WARN__DUPLICATE_METHOD_MATCH = YES;
				COPY_PHASE_STRIP = NO;
				DEBUG_INFORMATION_FORMAT = dwarf;
				ENABLE_STRICT_OBJC_MSGSEND = YES;
				ENABLE_TESTABILITY = YES;
				ENABLE_USER_SCRIPT_SANDBOXING = YES;
				GCC_C_LANGUAGE_STANDARD = gnu17;
				GCC_DYNAMIC_NO_PIC = NO;
				GCC_NO_COMMON_BLOCKS = YES;
				GCC_OPTIMIZATION_LEVEL = 0;
				GCC_PREPROCESSOR_DEFINITIONS = (
					"DEBUG=1",
					"$(inherited)",
				);
				GCC_WARN_64_TO_32_BIT_CONVERSION = YES;
				GCC_WARN_ABOUT_RETURN_TYPE = YES_ERROR;
				GCC_WARN_UNDECLARED_SELECTOR = YES;
				GCC_WARN_UNINITIALIZED_AUTOS = YES_AGGRESSIVE;
				GCC_WARN_UNUSED_FUNCTION = YES;
				GCC_WARN_UNUSED_VARIABLE = YES;
				LOCALIZATION_PREFERS_STRING_CATALOGS = YES;
				MACOSX_DEPLOYMENT_TARGET = 14.0;
				MTL_ENABLE_DEBUG_INFO = INCLUDE_SOURCE;
				MTL_FAST_MATH = YES;
				ONLY_ACTIVE_ARCH = YES;
				SDKROOT = macosx;
				SWIFT_ACTIVE_COMPILATION_CONDITIONS = "DEBUG $(inherited)";
				SWIFT_OPTIMIZATION_LEVEL = "-Onone";
			};
			name = Debug;
		};
		5501A1132C5D0001000000AD /* Release */ = {
			isa = XCBuildConfiguration;
			buildSettings = {
				ALWAYS_SEARCH_USER_PATHS = NO;
				ASSETCATALOG_COMPILER_GENERATE_SWIFT_ASSET_SYMBOL_EXTENSIONS = YES;
				CLANG_ANALYZER_NONNULL = YES;
				CLANG_ANALYZER_NUMBER_OBJECT_CONVERSION = YES_AGGRESSIVE;
				CLANG_CXX_LANGUAGE_STANDARD = "gnu++20";
				CLANG_ENABLE_MODULES = YES;
				CLANG_ENABLE_OBJC_ARC = YES;
				CLANG_ENABLE_OBJC_WEAK = YES;
				CLANG_WARN_BLOCK_CAPTURE_AUTORELEASING = YES;
				CLANG_WARN_BOOL_CONVERSION = YES;
				CLANG_WARN_COMMA = YES;
				CLANG_WARN_CONSTANT_CONVERSION = YES;
				CLANG_WARN_DEPRECATED_OBJC_IMPLEMENTATIONS = YES;
				CLANG_WARN_DIRECT_OBJC_ISA_USAGE = YES_ERROR;
				CLANG_WARN_DOCUMENTATION_COMMENTS = YES;
				CLANG_WARN_EMPTY_BODY = YES;
				CLANG_WARN_ENUM_CONVERSION = YES;
				CLANG_WARN_INFINITE_RECURSION = YES;
				CLANG_WARN_INT_CONVERSION = YES;
				CLANG_WARN_NON_LITERAL_NULL_CONVERSION = YES;
				CLANG_WARN_OBJC_IMPLICIT_RETAIN_SELF = YES;
				CLANG_WARN_OBJC_LITERAL_CONVERSION = YES;
				CLANG_WARN_OBJC_ROOT_CLASS = YES_ERROR;
				CLANG_WARN_QUOTED_INCLUDE_IN_FRAMEWORK_HEADER = YES;
				CLANG_WARN_RANGE_LOOP_ANALYSIS = YES;
				CLANG_WARN_STRICT_PROTOTYPES = YES;
				CLANG_WARN_SUSPICIOUS_MOVE = YES;
				CLANG_WARN_UNGUARDED_AVAILABILITY = YES_AGGRESSIVE;
				CLANG_WARN_UNREACHABLE_CODE = YES;
				CLANG_WARN__DUPLICATE_METHOD_MATCH = YES;
				COPY_PHASE_STRIP = NO;
				DEBUG_INFORMATION_FORMAT = "dwarf-with-dsym";
				ENABLE_NS_ASSERTIONS = NO;
				ENABLE_STRICT_OBJC_MSGSEND = YES;
				ENABLE_USER_SCRIPT_SANDBOXING = YES;
				GCC_C_LANGUAGE_STANDARD = gnu17;
				GCC_NO_COMMON_BLOCKS = YES;
				GCC_WARN_64_TO_32_BIT_CONVERSION = YES;
				GCC_WARN_ABOUT_RETURN_TYPE = YES_ERROR;
				GCC_WARN_UNDECLARED_SELECTOR = YES;
				GCC_WARN_UNINITIALIZED_AUTOS = YES_AGGRESSIVE;
				GCC_WARN_UNUSED_FUNCTION = YES;
				GCC_WARN_UNUSED_VARIABLE = YES;
				LOCALIZATION_PREFERS_STRING_CATALOGS = YES;
				MACOSX_DEPLOYMENT_TARGET = 14.0;
				MTL_ENABLE_DEBUG_INFO = NO;
				MTL_FAST_MATH = YES;
				SDKROOT = macosx;
				SWIFT_COMPILATION_MODE = wholemodule;
			};
			name = Release;
		};
		5501A1142C5D0001000000AE /* Debug */ = {
			isa = XCBuildConfiguration;
			buildSettings = {
				ASSETCATALOG_COMPILER_APPICON_NAME = AppIcon;
				ASSETCATALOG_COMPILER_GLOBAL_ACCENT_COLOR_NAME = AccentColor;
				CODE_SIGN_ENTITLEMENTS = OptaApp/OptaApp.entitlements;
				CODE_SIGN_STYLE = Automatic;
				COMBINE_HIDPI_IMAGES = YES;
				CURRENT_PROJECT_VERSION = 1;
				DEVELOPMENT_TEAM = "";
				ENABLE_HARDENED_RUNTIME = YES;
				GENERATE_INFOPLIST_FILE = YES;
				INFOPLIST_FILE = OptaApp/Info.plist;
				INFOPLIST_KEY_LSApplicationCategoryType = "public.app-category.utilities";
				INFOPLIST_KEY_NSHumanReadableCopyright = "Copyright 2024 Opta. All rights reserved.";
				LD_RUNPATH_SEARCH_PATHS = (
					"$(inherited)",
					"@executable_path/../Frameworks",
				);
				LIBRARY_SEARCH_PATHS = (
					"$(inherited)",
					"$(PROJECT_DIR)/OptaApp/Libraries",
				);
				MARKETING_VERSION = 9.0.0;
				OTHER_LDFLAGS = "-lresolv";
				PRODUCT_BUNDLE_IDENTIFIER = com.opta.optimizer;
				PRODUCT_NAME = "$(TARGET_NAME)";
				SWIFT_EMIT_LOC_STRINGS = YES;
				SWIFT_OBJC_BRIDGING_HEADER = "OptaApp/Bridge/OptaRender-Bridging-Header.h";
				SWIFT_VERSION = 5.0;
				SWIFT_INCLUDE_PATHS = "$(PROJECT_DIR)/OptaApp/Generated";
			};
			name = Debug;
		};
		5501A1152C5D0001000000AF /* Release */ = {
			isa = XCBuildConfiguration;
			buildSettings = {
				ASSETCATALOG_COMPILER_APPICON_NAME = AppIcon;
				ASSETCATALOG_COMPILER_GLOBAL_ACCENT_COLOR_NAME = AccentColor;
				CODE_SIGN_ENTITLEMENTS = OptaApp/OptaApp.entitlements;
				CODE_SIGN_STYLE = Automatic;
				COMBINE_HIDPI_IMAGES = YES;
				CURRENT_PROJECT_VERSION = 1;
				DEVELOPMENT_TEAM = "";
				ENABLE_HARDENED_RUNTIME = YES;
				GENERATE_INFOPLIST_FILE = YES;
				INFOPLIST_FILE = OptaApp/Info.plist;
				INFOPLIST_KEY_LSApplicationCategoryType = "public.app-category.utilities";
				INFOPLIST_KEY_NSHumanReadableCopyright = "Copyright 2024 Opta. All rights reserved.";
				LD_RUNPATH_SEARCH_PATHS = (
					"$(inherited)",
					"@executable_path/../Frameworks",
				);
				LIBRARY_SEARCH_PATHS = (
					"$(inherited)",
					"$(PROJECT_DIR)/OptaApp/Libraries",
				);
				MARKETING_VERSION = 9.0.0;
				OTHER_LDFLAGS = "-lresolv";
				PRODUCT_BUNDLE_IDENTIFIER = com.opta.optimizer;
				PRODUCT_NAME = "$(TARGET_NAME)";
				SWIFT_EMIT_LOC_STRINGS = YES;
				SWIFT_OBJC_BRIDGING_HEADER = "OptaApp/Bridge/OptaRender-Bridging-Header.h";
				SWIFT_VERSION = 5.0;
				SWIFT_INCLUDE_PATHS = "$(PROJECT_DIR)/OptaApp/Generated";
			};
			name = Release;
		};
/* End XCBuildConfiguration section */

/* Begin XCConfigurationList section */
		5501A10D2C5D0001000000A7 /* Build configuration list for PBXNativeTarget "OptaApp" */ = {
			isa = XCConfigurationList;
			buildConfigurations = (
				5501A1142C5D0001000000AE /* Debug */,
				5501A1152C5D0001000000AF /* Release */,
			);
			defaultConfigurationIsVisible = 0;
			defaultConfigurationName = Release;
		};
		5501A1112C5D0001000000AB /* Build configuration list for PBXProject "OptaApp" */ = {
			isa = XCConfigurationList;
			buildConfigurations = (
				5501A1122C5D0001000000AC /* Debug */,
				5501A1132C5D0001000000AD /* Release */,
			);
			defaultConfigurationIsVisible = 0;
			defaultConfigurationName = Release;
		};
/* End XCConfigurationList section */
	};
	rootObject = 5501A1102C5D0001000000AA /* Project object */;
}
