// !$*UTF8*$!
{
	archiveVersion = 1;
	classes = {
	};
	objectVersion = 56;
	objects = {

/* Begin PBXBuildFile section */
		A11111110000000000000001 /* Opta_ScanApp.swift in Sources */ = {isa = PBXBuildFile; fileRef = A22222220000000000000001 /* Opta_ScanApp.swift */; };
		A11111110000000000000002 /* ContentView.swift in Sources */ = {isa = PBXBuildFile; fileRef = A22222220000000000000002 /* ContentView.swift */; };
		A11111110000000000000003 /* Assets.xcassets in Resources */ = {isa = PBXBuildFile; fileRef = A22222220000000000000003 /* Assets.xcassets */; };
		A11111110000000000000004 /* Preview Assets.xcassets in Resources */ = {isa = PBXBuildFile; fileRef = A22222220000000000000004 /* Preview Assets.xcassets */; };
		A11111110000000000000005 /* OptaColors.swift in Sources */ = {isa = PBXBuildFile; fileRef = A22222220000000000000005 /* OptaColors.swift */; };
		A11111110000000000000006 /* OptaAnimations.swift in Sources */ = {isa = PBXBuildFile; fileRef = A22222220000000000000006 /* OptaAnimations.swift */; };
		A11111110000000000000007 /* OptaHaptics.swift in Sources */ = {isa = PBXBuildFile; fileRef = A22222220000000000000007 /* OptaHaptics.swift */; };
		A11111110000000000000008 /* OptaTypography.swift in Sources */ = {isa = PBXBuildFile; fileRef = A22222220000000000000008 /* OptaTypography.swift */; };
		A11111110000000000000009 /* GlassModifiers.swift in Sources */ = {isa = PBXBuildFile; fileRef = A22222220000000000000009 /* GlassModifiers.swift */; };
		A1111111000000000000000A /* OptaDesignSystem.swift in Sources */ = {isa = PBXBuildFile; fileRef = A2222222000000000000000A /* OptaDesignSystem.swift */; };
		A1111111000000000000000B /* CaptureView.swift in Sources */ = {isa = PBXBuildFile; fileRef = A2222222000000000000000B /* CaptureView.swift */; };
		A1111111000000000000000C /* HistoryView.swift in Sources */ = {isa = PBXBuildFile; fileRef = A2222222000000000000000C /* HistoryView.swift */; };
		A1111111000000000000000D /* SettingsView.swift in Sources */ = {isa = PBXBuildFile; fileRef = A2222222000000000000000D /* SettingsView.swift */; };
		A1111111000000000000000E /* OptaTabBar.swift in Sources */ = {isa = PBXBuildFile; fileRef = A2222222000000000000000E /* OptaTabBar.swift */; };
		A1111111000000000000000F /* CameraService.swift in Sources */ = {isa = PBXBuildFile; fileRef = A2222222000000000000000F /* CameraService.swift */; };
		A11111110000000000000010 /* CameraPreviewView.swift in Sources */ = {isa = PBXBuildFile; fileRef = A22222220000000000000010 /* CameraPreviewView.swift */; };
		A11111110000000000000011 /* PhotoPickerButton.swift in Sources */ = {isa = PBXBuildFile; fileRef = A22222220000000000000011 /* PhotoPickerButton.swift */; };
		A11111110000000000000012 /* PromptInputView.swift in Sources */ = {isa = PBXBuildFile; fileRef = A22222220000000000000012 /* PromptInputView.swift */; };
		A11111110000000000000013 /* CaptureButton.swift in Sources */ = {isa = PBXBuildFile; fileRef = A22222220000000000000013 /* CaptureButton.swift */; };
		A11111110000000000000014 /* ClaudeService.swift in Sources */ = {isa = PBXBuildFile; fileRef = A22222220000000000000014 /* ClaudeService.swift */; };
		A11111110000000000000015 /* OptamizeSlider.swift in Sources */ = {isa = PBXBuildFile; fileRef = A22222220000000000000015 /* OptamizeSlider.swift */; };
		A11111110000000000000016 /* ProcessingView.swift in Sources */ = {isa = PBXBuildFile; fileRef = A22222220000000000000016 /* ProcessingView.swift */; };
		A11111110000000000000017 /* ScanFlow.swift in Sources */ = {isa = PBXBuildFile; fileRef = A22222220000000000000017 /* ScanFlow.swift */; };
		A11111110000000000000018 /* QuestionsView.swift in Sources */ = {isa = PBXBuildFile; fileRef = A22222220000000000000018 /* QuestionsView.swift */; };
		A11111110000000000000019 /* ResultView.swift in Sources */ = {isa = PBXBuildFile; fileRef = A22222220000000000000019 /* ResultView.swift */; };
		A1111111000000000000001A /* ScanFlowView.swift in Sources */ = {isa = PBXBuildFile; fileRef = A2222222000000000000001A /* ScanFlowView.swift */; };
/* End PBXBuildFile section */

/* Begin PBXFileReference section */
		A22222220000000000000001 /* Opta_ScanApp.swift */ = {isa = PBXFileReference; lastKnownFileType = sourcecode.swift; path = Opta_ScanApp.swift; sourceTree = "<group>"; };
		A22222220000000000000002 /* ContentView.swift */ = {isa = PBXFileReference; lastKnownFileType = sourcecode.swift; path = ContentView.swift; sourceTree = "<group>"; };
		A22222220000000000000003 /* Assets.xcassets */ = {isa = PBXFileReference; lastKnownFileType = folder.assetcatalog; path = Assets.xcassets; sourceTree = "<group>"; };
		A22222220000000000000004 /* Preview Assets.xcassets */ = {isa = PBXFileReference; lastKnownFileType = folder.assetcatalog; path = "Preview Assets.xcassets"; sourceTree = "<group>"; };
		A22222220000000000000005 /* OptaColors.swift */ = {isa = PBXFileReference; lastKnownFileType = sourcecode.swift; path = OptaColors.swift; sourceTree = "<group>"; };
		A22222220000000000000006 /* OptaAnimations.swift */ = {isa = PBXFileReference; lastKnownFileType = sourcecode.swift; path = OptaAnimations.swift; sourceTree = "<group>"; };
		A22222220000000000000007 /* OptaHaptics.swift */ = {isa = PBXFileReference; lastKnownFileType = sourcecode.swift; path = OptaHaptics.swift; sourceTree = "<group>"; };
		A22222220000000000000008 /* OptaTypography.swift */ = {isa = PBXFileReference; lastKnownFileType = sourcecode.swift; path = OptaTypography.swift; sourceTree = "<group>"; };
		A22222220000000000000009 /* GlassModifiers.swift */ = {isa = PBXFileReference; lastKnownFileType = sourcecode.swift; path = GlassModifiers.swift; sourceTree = "<group>"; };
		A2222222000000000000000A /* OptaDesignSystem.swift */ = {isa = PBXFileReference; lastKnownFileType = sourcecode.swift; path = OptaDesignSystem.swift; sourceTree = "<group>"; };
		A2222222000000000000000B /* CaptureView.swift */ = {isa = PBXFileReference; lastKnownFileType = sourcecode.swift; path = CaptureView.swift; sourceTree = "<group>"; };
		A2222222000000000000000C /* HistoryView.swift */ = {isa = PBXFileReference; lastKnownFileType = sourcecode.swift; path = HistoryView.swift; sourceTree = "<group>"; };
		A2222222000000000000000D /* SettingsView.swift */ = {isa = PBXFileReference; lastKnownFileType = sourcecode.swift; path = SettingsView.swift; sourceTree = "<group>"; };
		A2222222000000000000000E /* OptaTabBar.swift */ = {isa = PBXFileReference; lastKnownFileType = sourcecode.swift; path = OptaTabBar.swift; sourceTree = "<group>"; };
		A2222222000000000000000F /* CameraService.swift */ = {isa = PBXFileReference; lastKnownFileType = sourcecode.swift; path = CameraService.swift; sourceTree = "<group>"; };
		A22222220000000000000010 /* CameraPreviewView.swift */ = {isa = PBXFileReference; lastKnownFileType = sourcecode.swift; path = CameraPreviewView.swift; sourceTree = "<group>"; };
		A22222220000000000000011 /* PhotoPickerButton.swift */ = {isa = PBXFileReference; lastKnownFileType = sourcecode.swift; path = PhotoPickerButton.swift; sourceTree = "<group>"; };
		A22222220000000000000012 /* PromptInputView.swift */ = {isa = PBXFileReference; lastKnownFileType = sourcecode.swift; path = PromptInputView.swift; sourceTree = "<group>"; };
		A22222220000000000000013 /* CaptureButton.swift */ = {isa = PBXFileReference; lastKnownFileType = sourcecode.swift; path = CaptureButton.swift; sourceTree = "<group>"; };
		A22222220000000000000014 /* ClaudeService.swift */ = {isa = PBXFileReference; lastKnownFileType = sourcecode.swift; path = ClaudeService.swift; sourceTree = "<group>"; };
		A22222220000000000000015 /* OptamizeSlider.swift */ = {isa = PBXFileReference; lastKnownFileType = sourcecode.swift; path = OptamizeSlider.swift; sourceTree = "<group>"; };
		A22222220000000000000016 /* ProcessingView.swift */ = {isa = PBXFileReference; lastKnownFileType = sourcecode.swift; path = ProcessingView.swift; sourceTree = "<group>"; };
		A22222220000000000000017 /* ScanFlow.swift */ = {isa = PBXFileReference; lastKnownFileType = sourcecode.swift; path = ScanFlow.swift; sourceTree = "<group>"; };
		A22222220000000000000018 /* QuestionsView.swift */ = {isa = PBXFileReference; lastKnownFileType = sourcecode.swift; path = QuestionsView.swift; sourceTree = "<group>"; };
		A22222220000000000000019 /* ResultView.swift */ = {isa = PBXFileReference; lastKnownFileType = sourcecode.swift; path = ResultView.swift; sourceTree = "<group>"; };
		A2222222000000000000001A /* ScanFlowView.swift */ = {isa = PBXFileReference; lastKnownFileType = sourcecode.swift; path = ScanFlowView.swift; sourceTree = "<group>"; };
		A33333330000000000000001 /* Opta Scan.app */ = {isa = PBXFileReference; explicitFileType = wrapper.application; includeInIndex = 0; path = "Opta Scan.app"; sourceTree = BUILT_PRODUCTS_DIR; };
/* End PBXFileReference section */

/* Begin PBXFrameworksBuildPhase section */
		A44444440000000000000001 /* Frameworks */ = {
			isa = PBXFrameworksBuildPhase;
			buildActionMask = 2147483647;
			files = (
			);
			runOnlyForDeploymentPostprocessing = 0;
		};
/* End PBXFrameworksBuildPhase section */

/* Begin PBXGroup section */
		A55555550000000000000001 = {
			isa = PBXGroup;
			children = (
				A55555550000000000000002 /* Opta Scan */,
				A55555550000000000000003 /* Products */,
			);
			sourceTree = "<group>";
		};
		A55555550000000000000002 /* Opta Scan */ = {
			isa = PBXGroup;
			children = (
				A22222220000000000000001 /* Opta_ScanApp.swift */,
				A22222220000000000000002 /* ContentView.swift */,
				A55555550000000000000004 /* Design */,
				A55555550000000000000005 /* Views */,
				A55555550000000000000006 /* Models */,
				A55555550000000000000007 /* Services */,
				A22222220000000000000003 /* Assets.xcassets */,
				A55555550000000000000008 /* Preview Content */,
			);
			path = "Opta Scan";
			sourceTree = "<group>";
		};
		A55555550000000000000003 /* Products */ = {
			isa = PBXGroup;
			children = (
				A33333330000000000000001 /* Opta Scan.app */,
			);
			name = Products;
			sourceTree = "<group>";
		};
		A55555550000000000000004 /* Design */ = {
			isa = PBXGroup;
			children = (
				A22222220000000000000005 /* OptaColors.swift */,
				A22222220000000000000006 /* OptaAnimations.swift */,
				A22222220000000000000007 /* OptaHaptics.swift */,
				A22222220000000000000008 /* OptaTypography.swift */,
				A22222220000000000000009 /* GlassModifiers.swift */,
				A2222222000000000000000A /* OptaDesignSystem.swift */,
			);
			path = Design;
			sourceTree = "<group>";
		};
		A55555550000000000000005 /* Views */ = {
			isa = PBXGroup;
			children = (
				A2222222000000000000000B /* CaptureView.swift */,
				A2222222000000000000000C /* HistoryView.swift */,
				A2222222000000000000000D /* SettingsView.swift */,
				A22222220000000000000016 /* ProcessingView.swift */,
				A22222220000000000000018 /* QuestionsView.swift */,
				A22222220000000000000019 /* ResultView.swift */,
				A2222222000000000000001A /* ScanFlowView.swift */,
				A55555550000000000000009 /* Components */,
			);
			path = Views;
			sourceTree = "<group>";
		};
		A55555550000000000000009 /* Components */ = {
			isa = PBXGroup;
			children = (
				A2222222000000000000000E /* OptaTabBar.swift */,
				A22222220000000000000010 /* CameraPreviewView.swift */,
				A22222220000000000000011 /* PhotoPickerButton.swift */,
				A22222220000000000000012 /* PromptInputView.swift */,
				A22222220000000000000013 /* CaptureButton.swift */,
				A22222220000000000000015 /* OptamizeSlider.swift */,
			);
			path = Components;
			sourceTree = "<group>";
		};
		A55555550000000000000006 /* Models */ = {
			isa = PBXGroup;
			children = (
				A22222220000000000000017 /* ScanFlow.swift */,
			);
			path = Models;
			sourceTree = "<group>";
		};
		A55555550000000000000007 /* Services */ = {
			isa = PBXGroup;
			children = (
				A2222222000000000000000F /* CameraService.swift */,
				A22222220000000000000014 /* ClaudeService.swift */,
			);
			path = Services;
			sourceTree = "<group>";
		};
		A55555550000000000000008 /* Preview Content */ = {
			isa = PBXGroup;
			children = (
				A22222220000000000000004 /* Preview Assets.xcassets */,
			);
			path = "Preview Content";
			sourceTree = "<group>";
		};
/* End PBXGroup section */

/* Begin PBXNativeTarget section */
		A66666660000000000000001 /* Opta Scan */ = {
			isa = PBXNativeTarget;
			buildConfigurationList = A77777770000000000000003 /* Build configuration list for PBXNativeTarget "Opta Scan" */;
			buildPhases = (
				A66666660000000000000002 /* Sources */,
				A44444440000000000000001 /* Frameworks */,
				A66666660000000000000003 /* Resources */,
			);
			buildRules = (
			);
			dependencies = (
			);
			name = "Opta Scan";
			productName = "Opta Scan";
			productReference = A33333330000000000000001 /* Opta Scan.app */;
			productType = "com.apple.product-type.application";
		};
/* End PBXNativeTarget section */

/* Begin PBXProject section */
		A88888880000000000000001 /* Project object */ = {
			isa = PBXProject;
			attributes = {
				BuildIndependentTargetsInParallel = 1;
				LastSwiftUpdateCheck = 1500;
				LastUpgradeCheck = 1500;
				TargetAttributes = {
					A66666660000000000000001 = {
						CreatedOnToolsVersion = 15.0;
					};
				};
			};
			buildConfigurationList = A77777770000000000000001 /* Build configuration list for PBXProject "Opta Scan" */;
			compatibilityVersion = "Xcode 14.0";
			developmentRegion = en;
			hasScannedForEncodings = 0;
			knownRegions = (
				en,
				Base,
			);
			mainGroup = A55555550000000000000001;
			productRefGroup = A55555550000000000000003 /* Products */;
			projectDirPath = "";
			projectRoot = "";
			targets = (
				A66666660000000000000001 /* Opta Scan */,
			);
		};
/* End PBXProject section */

/* Begin PBXResourcesBuildPhase section */
		A66666660000000000000003 /* Resources */ = {
			isa = PBXResourcesBuildPhase;
			buildActionMask = 2147483647;
			files = (
				A11111110000000000000004 /* Preview Assets.xcassets in Resources */,
				A11111110000000000000003 /* Assets.xcassets in Resources */,
			);
			runOnlyForDeploymentPostprocessing = 0;
		};
/* End PBXResourcesBuildPhase section */

/* Begin PBXSourcesBuildPhase section */
		A66666660000000000000002 /* Sources */ = {
			isa = PBXSourcesBuildPhase;
			buildActionMask = 2147483647;
			files = (
				A11111110000000000000002 /* ContentView.swift in Sources */,
				A11111110000000000000001 /* Opta_ScanApp.swift in Sources */,
				A11111110000000000000005 /* OptaColors.swift in Sources */,
				A11111110000000000000006 /* OptaAnimations.swift in Sources */,
				A11111110000000000000007 /* OptaHaptics.swift in Sources */,
				A11111110000000000000008 /* OptaTypography.swift in Sources */,
				A11111110000000000000009 /* GlassModifiers.swift in Sources */,
				A1111111000000000000000A /* OptaDesignSystem.swift in Sources */,
				A1111111000000000000000B /* CaptureView.swift in Sources */,
				A1111111000000000000000C /* HistoryView.swift in Sources */,
				A1111111000000000000000D /* SettingsView.swift in Sources */,
				A1111111000000000000000E /* OptaTabBar.swift in Sources */,
				A1111111000000000000000F /* CameraService.swift in Sources */,
				A11111110000000000000010 /* CameraPreviewView.swift in Sources */,
				A11111110000000000000011 /* PhotoPickerButton.swift in Sources */,
				A11111110000000000000012 /* PromptInputView.swift in Sources */,
				A11111110000000000000013 /* CaptureButton.swift in Sources */,
				A11111110000000000000014 /* ClaudeService.swift in Sources */,
				A11111110000000000000015 /* OptamizeSlider.swift in Sources */,
				A11111110000000000000016 /* ProcessingView.swift in Sources */,
				A11111110000000000000017 /* ScanFlow.swift in Sources */,
				A11111110000000000000018 /* QuestionsView.swift in Sources */,
				A11111110000000000000019 /* ResultView.swift in Sources */,
				A1111111000000000000001A /* ScanFlowView.swift in Sources */,
			);
			runOnlyForDeploymentPostprocessing = 0;
		};
/* End PBXSourcesBuildPhase section */

/* Begin XCBuildConfiguration section */
		A99999990000000000000001 /* Debug */ = {
			isa = XCBuildConfiguration;
			buildSettings = {
				ALWAYS_SEARCH_USER_PATHS = NO;
				ASSETCATALOG_COMPILER_GENERATE_SWIFT_ASSET_SYMBOL_EXTENSIONS = YES;
				CLANG_ANALYZER_NONNULL = YES;
				CLANG_ANALYZER_NUMBER_OBJECT_CONVERSION = YES_AGGRESSIVE;
				CLANG_CXX_LANGUAGE_STANDARD = "gnu++20";
				CLANG_ENABLE_MODULES = YES;
				CLANG_ENABLE_OBJC_ARC = YES;
				CLANG_ENABLE_OBJC_WEAK = YES;
				CLANG_WARN_BLOCK_CAPTURE_AUTORELEASING = YES;
				CLANG_WARN_BOOL_CONVERSION = YES;
				CLANG_WARN_COMMA = YES;
				CLANG_WARN_CONSTANT_CONVERSION = YES;
				CLANG_WARN_DEPRECATED_OBJC_IMPLEMENTATIONS = YES;
				CLANG_WARN_DIRECT_OBJC_ISA_USAGE = YES_ERROR;
				CLANG_WARN_DOCUMENTATION_COMMENTS = YES;
				CLANG_WARN_EMPTY_BODY = YES;
				CLANG_WARN_ENUM_CONVERSION = YES;
				CLANG_WARN_INFINITE_RECURSION = YES;
				CLANG_WARN_INT_CONVERSION = YES;
				CLANG_WARN_NON_LITERAL_NULL_CONVERSION = YES;
				CLANG_WARN_OBJC_IMPLICIT_RETAIN_SELF = YES;
				CLANG_WARN_OBJC_LITERAL_CONVERSION = YES;
				CLANG_WARN_OBJC_ROOT_CLASS = YES_ERROR;
				CLANG_WARN_QUOTED_INCLUDE_IN_FRAMEWORK_HEADER = YES;
				CLANG_WARN_RANGE_LOOP_ANALYSIS = YES;
				CLANG_WARN_STRICT_PROTOTYPES = YES;
				CLANG_WARN_SUSPICIOUS_MOVE = YES;
				CLANG_WARN_UNGUARDED_AVAILABILITY = YES_AGGRESSIVE;
				CLANG_WARN_UNREACHABLE_CODE = YES;
				CLANG_WARN__DUPLICATE_METHOD_MATCH = YES;
				COPY_PHASE_STRIP = NO;
				DEBUG_INFORMATION_FORMAT = dwarf;
				ENABLE_STRICT_OBJC_MSGSEND = YES;
				ENABLE_TESTABILITY = YES;
				ENABLE_USER_SCRIPT_SANDBOXING = YES;
				GCC_C_LANGUAGE_STANDARD = gnu17;
				GCC_DYNAMIC_NO_PIC = NO;
				GCC_NO_COMMON_BLOCKS = YES;
				GCC_OPTIMIZATION_LEVEL = 0;
				GCC_PREPROCESSOR_DEFINITIONS = (
					"DEBUG=1",
					"$(inherited)",
				);
				GCC_WARN_64_TO_32_BIT_CONVERSION = YES;
				GCC_WARN_ABOUT_RETURN_TYPE = YES_ERROR;
				GCC_WARN_UNDECLARED_SELECTOR = YES;
				GCC_WARN_UNINITIALIZED_AUTOS = YES_AGGRESSIVE;
				GCC_WARN_UNUSED_FUNCTION = YES;
				GCC_WARN_UNUSED_VARIABLE = YES;
				IPHONEOS_DEPLOYMENT_TARGET = 17.0;
				LOCALIZATION_PREFERS_STRING_CATALOGS = YES;
				MTL_ENABLE_DEBUG_INFO = INCLUDE_SOURCE;
				MTL_FAST_MATH = YES;
				ONLY_ACTIVE_ARCH = YES;
				SDKROOT = iphoneos;
				SWIFT_ACTIVE_COMPILATION_CONDITIONS = "DEBUG $(inherited)";
				SWIFT_OPTIMIZATION_LEVEL = "-Onone";
			};
			name = Debug;
		};
		A99999990000000000000002 /* Release */ = {
			isa = XCBuildConfiguration;
			buildSettings = {
				ALWAYS_SEARCH_USER_PATHS = NO;
				ASSETCATALOG_COMPILER_GENERATE_SWIFT_ASSET_SYMBOL_EXTENSIONS = YES;
				CLANG_ANALYZER_NONNULL = YES;
				CLANG_ANALYZER_NUMBER_OBJECT_CONVERSION = YES_AGGRESSIVE;
				CLANG_CXX_LANGUAGE_STANDARD = "gnu++20";
				CLANG_ENABLE_MODULES = YES;
				CLANG_ENABLE_OBJC_ARC = YES;
				CLANG_ENABLE_OBJC_WEAK = YES;
				CLANG_WARN_BLOCK_CAPTURE_AUTORELEASING = YES;
				CLANG_WARN_BOOL_CONVERSION = YES;
				CLANG_WARN_COMMA = YES;
				CLANG_WARN_CONSTANT_CONVERSION = YES;
				CLANG_WARN_DEPRECATED_OBJC_IMPLEMENTATIONS = YES;
				CLANG_WARN_DIRECT_OBJC_ISA_USAGE = YES_ERROR;
				CLANG_WARN_DOCUMENTATION_COMMENTS = YES;
				CLANG_WARN_EMPTY_BODY = YES;
				CLANG_WARN_ENUM_CONVERSION = YES;
				CLANG_WARN_INFINITE_RECURSION = YES;
				CLANG_WARN_INT_CONVERSION = YES;
				CLANG_WARN_NON_LITERAL_NULL_CONVERSION = YES;
				CLANG_WARN_OBJC_IMPLICIT_RETAIN_SELF = YES;
				CLANG_WARN_OBJC_LITERAL_CONVERSION = YES;
				CLANG_WARN_OBJC_ROOT_CLASS = YES_ERROR;
				CLANG_WARN_QUOTED_INCLUDE_IN_FRAMEWORK_HEADER = YES;
				CLANG_WARN_RANGE_LOOP_ANALYSIS = YES;
				CLANG_WARN_STRICT_PROTOTYPES = YES;
				CLANG_WARN_SUSPICIOUS_MOVE = YES;
				CLANG_WARN_UNGUARDED_AVAILABILITY = YES_AGGRESSIVE;
				CLANG_WARN_UNREACHABLE_CODE = YES;
				CLANG_WARN__DUPLICATE_METHOD_MATCH = YES;
				COPY_PHASE_STRIP = NO;
				DEBUG_INFORMATION_FORMAT = "dwarf-with-dsym";
				ENABLE_NS_ASSERTIONS = NO;
				ENABLE_STRICT_OBJC_MSGSEND = YES;
				ENABLE_USER_SCRIPT_SANDBOXING = YES;
				GCC_C_LANGUAGE_STANDARD = gnu17;
				GCC_NO_COMMON_BLOCKS = YES;
				GCC_WARN_64_TO_32_BIT_CONVERSION = YES;
				GCC_WARN_ABOUT_RETURN_TYPE = YES_ERROR;
				GCC_WARN_UNDECLARED_SELECTOR = YES;
				GCC_WARN_UNINITIALIZED_AUTOS = YES_AGGRESSIVE;
				GCC_WARN_UNUSED_FUNCTION = YES;
				GCC_WARN_UNUSED_VARIABLE = YES;
				IPHONEOS_DEPLOYMENT_TARGET = 17.0;
				LOCALIZATION_PREFERS_STRING_CATALOGS = YES;
				MTL_ENABLE_DEBUG_INFO = NO;
				MTL_FAST_MATH = YES;
				SDKROOT = iphoneos;
				SWIFT_COMPILATION_MODE = wholemodule;
				VALIDATE_PRODUCT = YES;
			};
			name = Release;
		};
		A99999990000000000000003 /* Debug */ = {
			isa = XCBuildConfiguration;
			buildSettings = {
				ASSETCATALOG_COMPILER_APPICON_NAME = AppIcon;
				ASSETCATALOG_COMPILER_GLOBAL_ACCENT_COLOR_NAME = AccentColor;
				CODE_SIGN_STYLE = Automatic;
				CURRENT_PROJECT_VERSION = 1;
				DEVELOPMENT_ASSET_PATHS = "\"Opta Scan/Preview Content\"";
				ENABLE_PREVIEWS = YES;
				GENERATE_INFOPLIST_FILE = YES;
				INFOPLIST_KEY_NSCameraUsageDescription = "Opta Scan uses the camera to capture photos for optimization analysis";
				INFOPLIST_KEY_NSPhotoLibraryUsageDescription = "Opta Scan accesses your photo library to select images for optimization";
				INFOPLIST_KEY_UIApplicationSceneManifest_Generation = YES;
				INFOPLIST_KEY_UIApplicationSupportsIndirectInputEvents = YES;
				INFOPLIST_KEY_UILaunchScreen_Generation = YES;
				INFOPLIST_KEY_UISupportedInterfaceOrientations_iPad = "UIInterfaceOrientationPortrait UIInterfaceOrientationPortraitUpsideDown UIInterfaceOrientationLandscapeLeft UIInterfaceOrientationLandscapeRight";
				INFOPLIST_KEY_UISupportedInterfaceOrientations_iPhone = "UIInterfaceOrientationPortrait UIInterfaceOrientationLandscapeLeft UIInterfaceOrientationLandscapeRight";
				LD_RUNPATH_SEARCH_PATHS = (
					"$(inherited)",
					"@executable_path/Frameworks",
				);
				MARKETING_VERSION = 1.0;
				PRODUCT_BUNDLE_IDENTIFIER = com.opta.scan;
				PRODUCT_NAME = "$(TARGET_NAME)";
				SWIFT_EMIT_LOC_STRINGS = YES;
				SWIFT_VERSION = 5.0;
				TARGETED_DEVICE_FAMILY = "1,2";
			};
			name = Debug;
		};
		A99999990000000000000004 /* Release */ = {
			isa = XCBuildConfiguration;
			buildSettings = {
				ASSETCATALOG_COMPILER_APPICON_NAME = AppIcon;
				ASSETCATALOG_COMPILER_GLOBAL_ACCENT_COLOR_NAME = AccentColor;
				CODE_SIGN_STYLE = Automatic;
				CURRENT_PROJECT_VERSION = 1;
				DEVELOPMENT_ASSET_PATHS = "\"Opta Scan/Preview Content\"";
				ENABLE_PREVIEWS = YES;
				GENERATE_INFOPLIST_FILE = YES;
				INFOPLIST_KEY_NSCameraUsageDescription = "Opta Scan uses the camera to capture photos for optimization analysis";
				INFOPLIST_KEY_NSPhotoLibraryUsageDescription = "Opta Scan accesses your photo library to select images for optimization";
				INFOPLIST_KEY_UIApplicationSceneManifest_Generation = YES;
				INFOPLIST_KEY_UIApplicationSupportsIndirectInputEvents = YES;
				INFOPLIST_KEY_UILaunchScreen_Generation = YES;
				INFOPLIST_KEY_UISupportedInterfaceOrientations_iPad = "UIInterfaceOrientationPortrait UIInterfaceOrientationPortraitUpsideDown UIInterfaceOrientationLandscapeLeft UIInterfaceOrientationLandscapeRight";
				INFOPLIST_KEY_UISupportedInterfaceOrientations_iPhone = "UIInterfaceOrientationPortrait UIInterfaceOrientationLandscapeLeft UIInterfaceOrientationLandscapeRight";
				LD_RUNPATH_SEARCH_PATHS = (
					"$(inherited)",
					"@executable_path/Frameworks",
				);
				MARKETING_VERSION = 1.0;
				PRODUCT_BUNDLE_IDENTIFIER = com.opta.scan;
				PRODUCT_NAME = "$(TARGET_NAME)";
				SWIFT_EMIT_LOC_STRINGS = YES;
				SWIFT_VERSION = 5.0;
				TARGETED_DEVICE_FAMILY = "1,2";
			};
			name = Release;
		};
/* End XCBuildConfiguration section */

/* Begin XCConfigurationList section */
		A77777770000000000000001 /* Build configuration list for PBXProject "Opta Scan" */ = {
			isa = XCConfigurationList;
			buildConfigurations = (
				A99999990000000000000001 /* Debug */,
				A99999990000000000000002 /* Release */,
			);
			defaultConfigurationIsVisible = 0;
			defaultConfigurationName = Release;
		};
		A77777770000000000000003 /* Build configuration list for PBXNativeTarget "Opta Scan" */ = {
			isa = XCConfigurationList;
			buildConfigurations = (
				A99999990000000000000003 /* Debug */,
				A99999990000000000000004 /* Release */,
			);
			defaultConfigurationIsVisible = 0;
			defaultConfigurationName = Release;
		};
/* End XCConfigurationList section */
	};
	rootObject = A88888880000000000000001 /* Project object */;
}
