// !$*UTF8*$!
{
	archiveVersion = 1;
	classes = {
	};
	objectVersion = 60;
	objects = {

/* Begin PBXBuildFile section */
		CB000001AAAA000100000001 /* OptaPlusIOSApp.swift in Sources */ = {isa = PBXBuildFile; fileRef = CB000002AAAA000100000001 /* OptaPlusIOSApp.swift */; };
		CB000003AAAA000100000001 /* ContentView.swift in Sources */ = {isa = PBXBuildFile; fileRef = CB000004AAAA000100000001 /* ContentView.swift */; };
		CB000007AAAA000200000001 /* Assets.xcassets in Resources */ = {isa = PBXBuildFile; fileRef = CB000008AAAA000200000001 /* Assets.xcassets */; };
		CB000050AAAA000300000001 /* OptaPlus in Frameworks */ = {isa = PBXBuildFile; productRef = CB000051AAAA000300000001 /* OptaPlus */; };
		CB000053AAAA000300000001 /* OptaMolt in Frameworks */ = {isa = PBXBuildFile; productRef = CB000054AAAA000300000001 /* OptaMolt */; };
		CB000060AAAA000400000001 /* ChatView.swift in Sources */ = {isa = PBXBuildFile; fileRef = CB000061AAAA000400000001 /* ChatView.swift */; };
		CB000070AAAA000500000001 /* BotListView.swift in Sources */ = {isa = PBXBuildFile; fileRef = CB000071AAAA000500000001 /* BotListView.swift */; };
		CB000072AAAA000500000001 /* MessageBubble.swift in Sources */ = {isa = PBXBuildFile; fileRef = CB000073AAAA000500000001 /* MessageBubble.swift */; };
		CB000074AAAA000500000001 /* ChatInputBar.swift in Sources */ = {isa = PBXBuildFile; fileRef = CB000075AAAA000500000001 /* ChatInputBar.swift */; };
		CB000076AAAA000500000001 /* ThinkingOverlay.swift in Sources */ = {isa = PBXBuildFile; fileRef = CB000077AAAA000500000001 /* ThinkingOverlay.swift */; };
		CB000078AAAA000500000001 /* SettingsView.swift in Sources */ = {isa = PBXBuildFile; fileRef = CB000079AAAA000500000001 /* SettingsView.swift */; };
		CB00007AAAAA000500000001 /* BotAvatarView.swift in Sources */ = {isa = PBXBuildFile; fileRef = CB00007BAAAA000500000001 /* BotAvatarView.swift */; };
		CB00008AAAAA000600000001 /* OnboardingView.swift in Sources */ = {isa = PBXBuildFile; fileRef = CB00008BAAAA000600000001 /* OnboardingView.swift */; };
		CB00008CAAAA000700000001 /* AboutView.swift in Sources */ = {isa = PBXBuildFile; fileRef = CB00008DAAAA000700000001 /* AboutView.swift */; };
		DB000004AAAA000900000001 /* ChatHistoryView.swift in Sources */ = {isa = PBXBuildFile; fileRef = DB000003AAAA000900000001 /* ChatHistoryView.swift */; };
		DB000008AAAA000B00000001 /* DebugView.swift in Sources */ = {isa = PBXBuildFile; fileRef = DB000007AAAA000B00000001 /* DebugView.swift */; };
		DB00000AAAAA000C00000001 /* BotPagerView.swift in Sources */ = {isa = PBXBuildFile; fileRef = DB000009AAAA000C00000001 /* BotPagerView.swift */; };
		DB00000CAAAA000D00000001 /* BotPageHeader.swift in Sources */ = {isa = PBXBuildFile; fileRef = DB00000BAAAA000D00000001 /* BotPageHeader.swift */; };
		DB00000EAAAA000E00000001 /* BotAutomationsPage.swift in Sources */ = {isa = PBXBuildFile; fileRef = DB00000DAAAA000E00000001 /* BotAutomationsPage.swift */; };
		DB000010AAAA000F00000001 /* CreateJobSheet.swift in Sources */ = {isa = PBXBuildFile; fileRef = DB000011AAAA000F00000001 /* CreateJobSheet.swift */; };
		DB000012AAAA001000000001 /* JobHistorySheet.swift in Sources */ = {isa = PBXBuildFile; fileRef = DB000013AAAA001000000001 /* JobHistorySheet.swift */; };
		DB000014AAAA001100000001 /* DebugDiagnostics.swift in Sources */ = {isa = PBXBuildFile; fileRef = DB000015AAAA001100000001 /* DebugDiagnostics.swift */; };
		DB000018AAAA001300000001 /* BotManagementSheet.swift in Sources */ = {isa = PBXBuildFile; fileRef = DB000019AAAA001300000001 /* BotManagementSheet.swift */; };
		DB00001AAAAA001400000001 /* ChannelSwitcherSheet.swift in Sources */ = {isa = PBXBuildFile; fileRef = DB00001BAAAA001400000001 /* ChannelSwitcherSheet.swift */; };
		DB00001CAAAA001500000001 /* BotMapView.swift in Sources */ = {isa = PBXBuildFile; fileRef = DB00001DAAAA001500000001 /* BotMapView.swift */; };
		DB00001EAAAA001600000001 /* QRScannerView.swift in Sources */ = {isa = PBXBuildFile; fileRef = DB00001FAAAA001600000001 /* QRScannerView.swift */; };
/* End PBXBuildFile section */

/* Begin PBXFileReference section */
		CB000002AAAA000100000001 /* OptaPlusIOSApp.swift */ = {isa = PBXFileReference; lastKnownFileType = sourcecode.swift; path = OptaPlusIOSApp.swift; sourceTree = "<group>"; };
		CB000004AAAA000100000001 /* ContentView.swift */ = {isa = PBXFileReference; lastKnownFileType = sourcecode.swift; path = ContentView.swift; sourceTree = "<group>"; };
		CB000008AAAA000200000001 /* Assets.xcassets */ = {isa = PBXFileReference; lastKnownFileType = folder.assetcatalog; path = Assets.xcassets; sourceTree = "<group>"; };
		CB000009AAAA000100000001 /* OptaPlusIOS.app */ = {isa = PBXFileReference; explicitFileType = wrapper.application; includeInIndex = 0; path = OptaPlusIOS.app; sourceTree = BUILT_PRODUCTS_DIR; };
		CB00000AAAAA000200000001 /* Info.plist */ = {isa = PBXFileReference; lastKnownFileType = text.plist.xml; path = Info.plist; sourceTree = "<group>"; };
		CB000061AAAA000400000001 /* ChatView.swift */ = {isa = PBXFileReference; lastKnownFileType = sourcecode.swift; path = ChatView.swift; sourceTree = "<group>"; };
		CB000071AAAA000500000001 /* BotListView.swift */ = {isa = PBXFileReference; lastKnownFileType = sourcecode.swift; path = BotListView.swift; sourceTree = "<group>"; };
		CB000073AAAA000500000001 /* MessageBubble.swift */ = {isa = PBXFileReference; lastKnownFileType = sourcecode.swift; path = MessageBubble.swift; sourceTree = "<group>"; };
		CB000075AAAA000500000001 /* ChatInputBar.swift */ = {isa = PBXFileReference; lastKnownFileType = sourcecode.swift; path = ChatInputBar.swift; sourceTree = "<group>"; };
		CB000077AAAA000500000001 /* ThinkingOverlay.swift */ = {isa = PBXFileReference; lastKnownFileType = sourcecode.swift; path = ThinkingOverlay.swift; sourceTree = "<group>"; };
		CB000079AAAA000500000001 /* SettingsView.swift */ = {isa = PBXFileReference; lastKnownFileType = sourcecode.swift; path = SettingsView.swift; sourceTree = "<group>"; };
		CB00007BAAAA000500000001 /* BotAvatarView.swift */ = {isa = PBXFileReference; lastKnownFileType = sourcecode.swift; path = BotAvatarView.swift; sourceTree = "<group>"; };
		CB00008BAAAA000600000001 /* OnboardingView.swift */ = {isa = PBXFileReference; lastKnownFileType = sourcecode.swift; path = OnboardingView.swift; sourceTree = "<group>"; };
		CB00008DAAAA000700000001 /* AboutView.swift */ = {isa = PBXFileReference; lastKnownFileType = sourcecode.swift; path = AboutView.swift; sourceTree = "<group>"; };
		DB000003AAAA000900000001 /* ChatHistoryView.swift */ = {isa = PBXFileReference; lastKnownFileType = sourcecode.swift; path = ChatHistoryView.swift; sourceTree = "<group>"; };
		DB000007AAAA000B00000001 /* DebugView.swift */ = {isa = PBXFileReference; lastKnownFileType = sourcecode.swift; path = DebugView.swift; sourceTree = "<group>"; };
		DB000009AAAA000C00000001 /* BotPagerView.swift */ = {isa = PBXFileReference; lastKnownFileType = sourcecode.swift; path = BotPagerView.swift; sourceTree = "<group>"; };
		DB00000BAAAA000D00000001 /* BotPageHeader.swift */ = {isa = PBXFileReference; lastKnownFileType = sourcecode.swift; path = BotPageHeader.swift; sourceTree = "<group>"; };
		DB00000DAAAA000E00000001 /* BotAutomationsPage.swift */ = {isa = PBXFileReference; lastKnownFileType = sourcecode.swift; path = BotAutomationsPage.swift; sourceTree = "<group>"; };
		DB000011AAAA000F00000001 /* CreateJobSheet.swift */ = {isa = PBXFileReference; lastKnownFileType = sourcecode.swift; path = CreateJobSheet.swift; sourceTree = "<group>"; };
		DB000013AAAA001000000001 /* JobHistorySheet.swift */ = {isa = PBXFileReference; lastKnownFileType = sourcecode.swift; path = JobHistorySheet.swift; sourceTree = "<group>"; };
		DB000015AAAA001100000001 /* DebugDiagnostics.swift */ = {isa = PBXFileReference; lastKnownFileType = sourcecode.swift; path = DebugDiagnostics.swift; sourceTree = "<group>"; };
		DB000019AAAA001300000001 /* BotManagementSheet.swift */ = {isa = PBXFileReference; lastKnownFileType = sourcecode.swift; path = BotManagementSheet.swift; sourceTree = "<group>"; };
		DB00001BAAAA001400000001 /* ChannelSwitcherSheet.swift */ = {isa = PBXFileReference; lastKnownFileType = sourcecode.swift; path = ChannelSwitcherSheet.swift; sourceTree = "<group>"; };
		DB00001DAAAA001500000001 /* BotMapView.swift */ = {isa = PBXFileReference; lastKnownFileType = sourcecode.swift; path = BotMapView.swift; sourceTree = "<group>"; };
		DB00001FAAAA001600000001 /* QRScannerView.swift */ = {isa = PBXFileReference; lastKnownFileType = sourcecode.swift; path = QRScannerView.swift; sourceTree = "<group>"; };
/* End PBXFileReference section */

/* Begin PBXFrameworksBuildPhase section */
		CB00000CAAAA000100000001 /* Frameworks */ = {
			isa = PBXFrameworksBuildPhase;
			buildActionMask = 2147483647;
			files = (
				CB000050AAAA000300000001 /* OptaPlus in Frameworks */,
				CB000053AAAA000300000001 /* OptaMolt in Frameworks */,
			);
			runOnlyForDeploymentPostprocessing = 0;
		};
/* End PBXFrameworksBuildPhase section */

/* Begin PBXGroup section */
		CB00000DAAAA000100000001 = {
			isa = PBXGroup;
			children = (
				CB00000EAAAA000100000001 /* OptaPlusIOS */,
				CB00000FAAAA000100000001 /* Products */,
			);
			sourceTree = "<group>";
		};
		CB00000EAAAA000100000001 /* OptaPlusIOS */ = {
			isa = PBXGroup;
			children = (
				CB000002AAAA000100000001 /* OptaPlusIOSApp.swift */,
				CB000004AAAA000100000001 /* ContentView.swift */,
				CB000062AAAA000400000001 /* Views */,
				CB000008AAAA000200000001 /* Assets.xcassets */,
				CB00000AAAAA000200000001 /* Info.plist */,
			);
			path = OptaPlusIOS;
			sourceTree = "<group>";
		};
		CB00000FAAAA000100000001 /* Products */ = {
			isa = PBXGroup;
			children = (
				CB000009AAAA000100000001 /* OptaPlusIOS.app */,
			);
			name = Products;
			sourceTree = "<group>";
		};
		CB000062AAAA000400000001 /* Views */ = {
			isa = PBXGroup;
			children = (
				CB000061AAAA000400000001 /* ChatView.swift */,
				CB000071AAAA000500000001 /* BotListView.swift */,
				CB000073AAAA000500000001 /* MessageBubble.swift */,
				CB000075AAAA000500000001 /* ChatInputBar.swift */,
				CB000077AAAA000500000001 /* ThinkingOverlay.swift */,
				CB000079AAAA000500000001 /* SettingsView.swift */,
				CB00007BAAAA000500000001 /* BotAvatarView.swift */,
				CB00008BAAAA000600000001 /* OnboardingView.swift */,
				CB00008DAAAA000700000001 /* AboutView.swift */,
				DB000003AAAA000900000001 /* ChatHistoryView.swift */,
				DB000007AAAA000B00000001 /* DebugView.swift */,
				DB000009AAAA000C00000001 /* BotPagerView.swift */,
				DB00000BAAAA000D00000001 /* BotPageHeader.swift */,
				DB00000DAAAA000E00000001 /* BotAutomationsPage.swift */,
				DB000011AAAA000F00000001 /* CreateJobSheet.swift */,
				DB000013AAAA001000000001 /* JobHistorySheet.swift */,
				DB000015AAAA001100000001 /* DebugDiagnostics.swift */,
				DB000019AAAA001300000001 /* BotManagementSheet.swift */,
				DB00001BAAAA001400000001 /* ChannelSwitcherSheet.swift */,
				DB00001DAAAA001500000001 /* BotMapView.swift */,
				DB00001FAAAA001600000001 /* QRScannerView.swift */,
			);
			path = Views;
			sourceTree = "<group>";
		};
/* End PBXGroup section */

/* Begin PBXNativeTarget section */
		CB000010AAAA000100000001 /* OptaPlusIOS */ = {
			isa = PBXNativeTarget;
			buildConfigurationList = CB000011AAAA000200000001 /* Build configuration list for PBXNativeTarget "OptaPlusIOS" */;
			buildPhases = (
				CB000012AAAA000100000001 /* Sources */,
				CB00000CAAAA000100000001 /* Frameworks */,
				CB000013AAAA000100000001 /* Resources */,
			);
			buildRules = (
			);
			dependencies = (
			);
			name = OptaPlusIOS;
			packageProductDependencies = (
				CB000051AAAA000300000001 /* OptaPlus */,
				CB000054AAAA000300000001 /* OptaMolt */,
			);
			productName = OptaPlusIOS;
			productReference = CB000009AAAA000100000001 /* OptaPlusIOS.app */;
			productType = "com.apple.product-type.application";
		};
/* End PBXNativeTarget section */

/* Begin PBXProject section */
		CB000014AAAA000100000001 /* Project object */ = {
			isa = PBXProject;
			attributes = {
				BuildIndependentTargetsInParallel = 1;
				LastSwiftUpdateCheck = 1500;
				LastUpgradeCheck = 1500;
				TargetAttributes = {
					CB000010AAAA000100000001 = {
						CreatedOnToolsVersion = 15.0;
					};
				};
			};
			buildConfigurationList = CB000015AAAA000200000001 /* Build configuration list for PBXProject "OptaPlusIOS" */;
			compatibilityVersion = "Xcode 14.0";
			developmentRegion = en;
			hasScannedForEncodings = 0;
			knownRegions = (
				en,
				Base,
			);
			mainGroup = CB00000DAAAA000100000001;
			packageReferences = (
				CB000052AAAA000300000001 /* XCLocalSwiftPackageReference ".." */,
			);
			productRefGroup = CB00000FAAAA000100000001 /* Products */;
			projectDirPath = "";
			projectRoot = "";
			targets = (
				CB000010AAAA000100000001 /* OptaPlusIOS */,
			);
		};
/* End PBXProject section */

/* Begin PBXResourcesBuildPhase section */
		CB000013AAAA000100000001 /* Resources */ = {
			isa = PBXResourcesBuildPhase;
			buildActionMask = 2147483647;
			files = (
				CB000007AAAA000200000001 /* Assets.xcassets in Resources */,
			);
			runOnlyForDeploymentPostprocessing = 0;
		};
/* End PBXResourcesBuildPhase section */

/* Begin PBXSourcesBuildPhase section */
		CB000012AAAA000100000001 /* Sources */ = {
			isa = PBXSourcesBuildPhase;
			buildActionMask = 2147483647;
			files = (
				CB000001AAAA000100000001 /* OptaPlusIOSApp.swift in Sources */,
				CB000003AAAA000100000001 /* ContentView.swift in Sources */,
				CB000060AAAA000400000001 /* ChatView.swift in Sources */,
				CB000070AAAA000500000001 /* BotListView.swift in Sources */,
				CB000072AAAA000500000001 /* MessageBubble.swift in Sources */,
				CB000074AAAA000500000001 /* ChatInputBar.swift in Sources */,
				CB000076AAAA000500000001 /* ThinkingOverlay.swift in Sources */,
				CB000078AAAA000500000001 /* SettingsView.swift in Sources */,
				CB00007AAAAA000500000001 /* BotAvatarView.swift in Sources */,
				CB00008AAAAA000600000001 /* OnboardingView.swift in Sources */,
				CB00008CAAAA000700000001 /* AboutView.swift in Sources */,
				DB000004AAAA000900000001 /* ChatHistoryView.swift in Sources */,
				DB000008AAAA000B00000001 /* DebugView.swift in Sources */,
				DB00000AAAAA000C00000001 /* BotPagerView.swift in Sources */,
				DB00000CAAAA000D00000001 /* BotPageHeader.swift in Sources */,
				DB00000EAAAA000E00000001 /* BotAutomationsPage.swift in Sources */,
				DB000010AAAA000F00000001 /* CreateJobSheet.swift in Sources */,
				DB000012AAAA001000000001 /* JobHistorySheet.swift in Sources */,
				DB000014AAAA001100000001 /* DebugDiagnostics.swift in Sources */,
				DB000018AAAA001300000001 /* BotManagementSheet.swift in Sources */,
				DB00001AAAAA001400000001 /* ChannelSwitcherSheet.swift in Sources */,
				DB00001CAAAA001500000001 /* BotMapView.swift in Sources */,
				DB00001EAAAA001600000001 /* QRScannerView.swift in Sources */,
			);
			runOnlyForDeploymentPostprocessing = 0;
		};
/* End PBXSourcesBuildPhase section */

/* Begin XCBuildConfiguration section */
		CB000016AAAA000200000001 /* Debug */ = {
			isa = XCBuildConfiguration;
			buildSettings = {
				ALWAYS_SEARCH_USER_PATHS = NO;
				ASSETCATALOG_COMPILER_GENERATE_SWIFT_ASSET_SYMBOL_EXTENSIONS = YES;
				CLANG_ANALYZER_NONNULL = YES;
				CLANG_ANALYZER_NUMBER_OBJECT_CONVERSION = YES_AGGRESSIVE;
				CLANG_CXX_LANGUAGE_STANDARD = "gnu++20";
				CLANG_ENABLE_MODULES = YES;
				CLANG_ENABLE_OBJC_ARC = YES;
				CLANG_ENABLE_OBJC_WEAK = YES;
				CLANG_WARN_BLOCK_CAPTURE_AUTORELEASING = YES;
				CLANG_WARN_BOOL_CONVERSION = YES;
				CLANG_WARN_COMMA = YES;
				CLANG_WARN_CONSTANT_CONVERSION = YES;
				CLANG_WARN_DEPRECATED_OBJC_IMPLEMENTATIONS = YES;
				CLANG_WARN_DIRECT_OBJC_ISA_USAGE = YES_ERROR;
				CLANG_WARN_DOCUMENTATION_COMMENTS = YES;
				CLANG_WARN_EMPTY_BODY = YES;
				CLANG_WARN_ENUM_CONVERSION = YES;
				CLANG_WARN_INFINITE_RECURSION = YES;
				CLANG_WARN_INT_CONVERSION = YES;
				CLANG_WARN_NON_LITERAL_NULL_CONVERSION = YES;
				CLANG_WARN_OBJC_IMPLICIT_RETAIN_SELF = YES;
				CLANG_WARN_OBJC_LITERAL_CONVERSION = YES;
				CLANG_WARN_OBJC_ROOT_CLASS = YES_ERROR;
				CLANG_WARN_QUOTED_INCLUDE_IN_FRAMEWORK_HEADER = YES;
				CLANG_WARN_RANGE_LOOP_ANALYSIS = YES;
				CLANG_WARN_STRICT_PROTOTYPES = YES;
				CLANG_WARN_SUSPICIOUS_MOVE = YES;
				CLANG_WARN_UNGUARDED_AVAILABILITY = YES_AGGRESSIVE;
				CLANG_WARN_UNREACHABLE_CODE = YES;
				CLANG_WARN__DUPLICATE_METHOD_MATCH = YES;
				COPY_PHASE_STRIP = NO;
				DEBUG_INFORMATION_FORMAT = dwarf;
				ENABLE_STRICT_OBJC_MSGSEND = YES;
				ENABLE_TESTABILITY = YES;
				ENABLE_USER_SCRIPT_SANDBOXING = YES;
				GCC_C_LANGUAGE_STANDARD = gnu17;
				GCC_DYNAMIC_NO_PIC = NO;
				GCC_NO_COMMON_BLOCKS = YES;
				GCC_OPTIMIZATION_LEVEL = 0;
				GCC_PREPROCESSOR_DEFINITIONS = (
					"DEBUG=1",
					"$(inherited)",
				);
				GCC_WARN_64_TO_32_BIT_CONVERSION = YES;
				GCC_WARN_ABOUT_RETURN_TYPE = YES_ERROR;
				GCC_WARN_UNDECLARED_SELECTOR = YES;
				GCC_WARN_UNINITIALIZED_AUTOS = YES_AGGRESSIVE;
				GCC_WARN_UNUSED_FUNCTION = YES;
				GCC_WARN_UNUSED_VARIABLE = YES;
				IPHONEOS_DEPLOYMENT_TARGET = 17.0;
				LOCALIZATION_PREFERS_STRING_CATALOGS = YES;
				MTL_ENABLE_DEBUG_INFO = INCLUDE_SOURCE;
				MTL_FAST_MATH = YES;
				ONLY_ACTIVE_ARCH = YES;
				SDKROOT = iphoneos;
				SWIFT_ACTIVE_COMPILATION_CONDITIONS = "DEBUG $(inherited)";
				SWIFT_OPTIMIZATION_LEVEL = "-Onone";
				SWIFT_VERSION = 5.0;
			};
			name = Debug;
		};
		CB000017AAAA000200000001 /* Release */ = {
			isa = XCBuildConfiguration;
			buildSettings = {
				ALWAYS_SEARCH_USER_PATHS = NO;
				ASSETCATALOG_COMPILER_GENERATE_SWIFT_ASSET_SYMBOL_EXTENSIONS = YES;
				CLANG_ANALYZER_NONNULL = YES;
				CLANG_ANALYZER_NUMBER_OBJECT_CONVERSION = YES_AGGRESSIVE;
				CLANG_CXX_LANGUAGE_STANDARD = "gnu++20";
				CLANG_ENABLE_MODULES = YES;
				CLANG_ENABLE_OBJC_ARC = YES;
				CLANG_ENABLE_OBJC_WEAK = YES;
				CLANG_WARN_BLOCK_CAPTURE_AUTORELEASING = YES;
				CLANG_WARN_BOOL_CONVERSION = YES;
				CLANG_WARN_COMMA = YES;
				CLANG_WARN_CONSTANT_CONVERSION = YES;
				CLANG_WARN_DEPRECATED_OBJC_IMPLEMENTATIONS = YES;
				CLANG_WARN_DIRECT_OBJC_ISA_USAGE = YES_ERROR;
				CLANG_WARN_DOCUMENTATION_COMMENTS = YES;
				CLANG_WARN_EMPTY_BODY = YES;
				CLANG_WARN_ENUM_CONVERSION = YES;
				CLANG_WARN_INFINITE_RECURSION = YES;
				CLANG_WARN_INT_CONVERSION = YES;
				CLANG_WARN_NON_LITERAL_NULL_CONVERSION = YES;
				CLANG_WARN_OBJC_IMPLICIT_RETAIN_SELF = YES;
				CLANG_WARN_OBJC_LITERAL_CONVERSION = YES;
				CLANG_WARN_OBJC_ROOT_CLASS = YES_ERROR;
				CLANG_WARN_QUOTED_INCLUDE_IN_FRAMEWORK_HEADER = YES;
				CLANG_WARN_RANGE_LOOP_ANALYSIS = YES;
				CLANG_WARN_STRICT_PROTOTYPES = YES;
				CLANG_WARN_SUSPICIOUS_MOVE = YES;
				CLANG_WARN_UNGUARDED_AVAILABILITY = YES_AGGRESSIVE;
				CLANG_WARN_UNREACHABLE_CODE = YES;
				CLANG_WARN__DUPLICATE_METHOD_MATCH = YES;
				COPY_PHASE_STRIP = NO;
				DEBUG_INFORMATION_FORMAT = "dwarf-with-dsym";
				ENABLE_NS_ASSERTIONS = NO;
				ENABLE_STRICT_OBJC_MSGSEND = YES;
				ENABLE_USER_SCRIPT_SANDBOXING = YES;
				GCC_C_LANGUAGE_STANDARD = gnu17;
				GCC_NO_COMMON_BLOCKS = YES;
				GCC_WARN_64_TO_32_BIT_CONVERSION = YES;
				GCC_WARN_ABOUT_RETURN_TYPE = YES_ERROR;
				GCC_WARN_UNDECLARED_SELECTOR = YES;
				GCC_WARN_UNINITIALIZED_AUTOS = YES_AGGRESSIVE;
				GCC_WARN_UNUSED_FUNCTION = YES;
				GCC_WARN_UNUSED_VARIABLE = YES;
				IPHONEOS_DEPLOYMENT_TARGET = 17.0;
				LOCALIZATION_PREFERS_STRING_CATALOGS = YES;
				MTL_ENABLE_DEBUG_INFO = NO;
				MTL_FAST_MATH = YES;
				SDKROOT = iphoneos;
				SWIFT_COMPILATION_MODE = wholemodule;
				SWIFT_VERSION = 5.0;
				VALIDATE_PRODUCT = YES;
			};
			name = Release;
		};
		CB000018AAAA000200000001 /* Debug */ = {
			isa = XCBuildConfiguration;
			buildSettings = {
				ASSETCATALOG_COMPILER_APPICON_NAME = AppIcon;
				ASSETCATALOG_COMPILER_GLOBAL_ACCENT_COLOR_NAME = AccentColor;
				CODE_SIGN_STYLE = Automatic;
				CURRENT_PROJECT_VERSION = 1;
				DEVELOPMENT_TEAM = NM9ZUH276T;
				ENABLE_PREVIEWS = YES;
				GENERATE_INFOPLIST_FILE = YES;
				INFOPLIST_FILE = OptaPlusIOS/Info.plist;
				INFOPLIST_KEY_CFBundleDisplayName = OptaPlus;
				INFOPLIST_KEY_UIApplicationSceneManifest_Generation = YES;
				INFOPLIST_KEY_UIApplicationSupportsIndirectInputEvents = YES;
				INFOPLIST_KEY_UILaunchScreen_Generation = YES;
				INFOPLIST_KEY_UISupportedInterfaceOrientations_iPad = "UIInterfaceOrientationPortrait UIInterfaceOrientationPortraitUpsideDown UIInterfaceOrientationLandscapeLeft UIInterfaceOrientationLandscapeRight";
				INFOPLIST_KEY_UISupportedInterfaceOrientations_iPhone = "UIInterfaceOrientationPortrait UIInterfaceOrientationLandscapeLeft UIInterfaceOrientationLandscapeRight";
				LD_RUNPATH_SEARCH_PATHS = (
					"$(inherited)",
					"@executable_path/Frameworks",
				);
				MARKETING_VERSION = 0.1.0;
				PRODUCT_BUNDLE_IDENTIFIER = com.optamolt.ios;
				PRODUCT_NAME = "$(TARGET_NAME)";
				SWIFT_EMIT_LOC_STRINGS = YES;
				SWIFT_VERSION = 5.0;
				TARGETED_DEVICE_FAMILY = "1,2";
			};
			name = Debug;
		};
		CB000019AAAA000200000001 /* Release */ = {
			isa = XCBuildConfiguration;
			buildSettings = {
				ASSETCATALOG_COMPILER_APPICON_NAME = AppIcon;
				ASSETCATALOG_COMPILER_GLOBAL_ACCENT_COLOR_NAME = AccentColor;
				CODE_SIGN_STYLE = Automatic;
				CURRENT_PROJECT_VERSION = 1;
				DEVELOPMENT_TEAM = NM9ZUH276T;
				ENABLE_PREVIEWS = YES;
				GENERATE_INFOPLIST_FILE = YES;
				INFOPLIST_FILE = OptaPlusIOS/Info.plist;
				INFOPLIST_KEY_CFBundleDisplayName = OptaPlus;
				INFOPLIST_KEY_UIApplicationSceneManifest_Generation = YES;
				INFOPLIST_KEY_UIApplicationSupportsIndirectInputEvents = YES;
				INFOPLIST_KEY_UILaunchScreen_Generation = YES;
				INFOPLIST_KEY_UISupportedInterfaceOrientations_iPad = "UIInterfaceOrientationPortrait UIInterfaceOrientationPortraitUpsideDown UIInterfaceOrientationLandscapeLeft UIInterfaceOrientationLandscapeRight";
				INFOPLIST_KEY_UISupportedInterfaceOrientations_iPhone = "UIInterfaceOrientationPortrait UIInterfaceOrientationLandscapeLeft UIInterfaceOrientationLandscapeRight";
				LD_RUNPATH_SEARCH_PATHS = (
					"$(inherited)",
					"@executable_path/Frameworks",
				);
				MARKETING_VERSION = 0.1.0;
				PRODUCT_BUNDLE_IDENTIFIER = com.optamolt.ios;
				PRODUCT_NAME = "$(TARGET_NAME)";
				SWIFT_EMIT_LOC_STRINGS = YES;
				SWIFT_VERSION = 5.0;
				TARGETED_DEVICE_FAMILY = "1,2";
			};
			name = Release;
		};
/* End XCBuildConfiguration section */

/* Begin XCConfigurationList section */
		CB000011AAAA000200000001 /* Build configuration list for PBXNativeTarget "OptaPlusIOS" */ = {
			isa = XCConfigurationList;
			buildConfigurations = (
				CB000018AAAA000200000001 /* Debug */,
				CB000019AAAA000200000001 /* Release */,
			);
			defaultConfigurationIsVisible = 0;
			defaultConfigurationName = Release;
		};
		CB000015AAAA000200000001 /* Build configuration list for PBXProject "OptaPlusIOS" */ = {
			isa = XCConfigurationList;
			buildConfigurations = (
				CB000016AAAA000200000001 /* Debug */,
				CB000017AAAA000200000001 /* Release */,
			);
			defaultConfigurationIsVisible = 0;
			defaultConfigurationName = Release;
		};
/* End XCConfigurationList section */

/* Begin XCLocalSwiftPackageReference section */
		CB000052AAAA000300000001 /* XCLocalSwiftPackageReference ".." */ = {
			isa = XCLocalSwiftPackageReference;
			relativePath = ..;
		};
/* End XCLocalSwiftPackageReference section */

/* Begin XCSwiftPackageProductDependency section */
		CB000051AAAA000300000001 /* OptaPlus */ = {
			isa = XCSwiftPackageProductDependency;
			productName = OptaPlus;
		};
		CB000054AAAA000300000001 /* OptaMolt */ = {
			isa = XCSwiftPackageProductDependency;
			productName = OptaMolt;
		};
/* End XCSwiftPackageProductDependency section */
	};
	rootObject = CB000014AAAA000100000001 /* Project object */;
}
