// !$*UTF8*$!
{
	archiveVersion = 1;
	classes = {
	};
	objectVersion = 60;
	objects = {

/* Begin PBXBuildFile section */
		BP000001FFFF000100000001 /* BotProfileSheet.swift in Sources */ = {isa = PBXBuildFile; fileRef = BP000002FFFF000100000001 /* BotProfileSheet.swift */; };
		CD000001BBBB000100000001 /* OptaPlusMacOSApp.swift in Sources */ = {isa = PBXBuildFile; fileRef = CD000002BBBB000100000001 /* OptaPlusMacOSApp.swift */; };
		CD000003BBBB000100000001 /* ContentView.swift in Sources */ = {isa = PBXBuildFile; fileRef = CD000004BBBB000100000001 /* ContentView.swift */; };
		CD000007BBBB000200000001 /* Assets.xcassets in Resources */ = {isa = PBXBuildFile; fileRef = CD000008BBBB000200000001 /* Assets.xcassets */; };
		CD000050BBBB000300000001 /* OptaPlus in Frameworks */ = {isa = PBXBuildFile; productRef = CD000051BBBB000300000001 /* OptaPlus */; };
		CD000060BBBB000400000001 /* OptaMolt in Frameworks */ = {isa = PBXBuildFile; productRef = CD000061BBBB000400000001 /* OptaMolt */; };
		CD000070CCCC000100000001 /* ThinkingOverlay.swift in Sources */ = {isa = PBXBuildFile; fileRef = CD000071CCCC000100000001 /* ThinkingOverlay.swift */; };
		CD000072CCCC000100000001 /* ContextPanel.swift in Sources */ = {isa = PBXBuildFile; fileRef = CD000073CCCC000100000001 /* ContextPanel.swift */; };
		CD000074CCCC000100000001 /* AnimationSystem.swift in Sources */ = {isa = PBXBuildFile; fileRef = CD000075CCCC000100000001 /* AnimationSystem.swift */; };
		CD000080DDDD000100000001 /* AmbientBackground.swift in Sources */ = {isa = PBXBuildFile; fileRef = CD000081DDDD000100000001 /* AmbientBackground.swift */; };
		CD000082DDDD000100000001 /* LoadingSplash.swift in Sources */ = {isa = PBXBuildFile; fileRef = CD000083DDDD000100000001 /* LoadingSplash.swift */; };
		CD000090EEEE000100000001 /* ChatTextInput.swift in Sources */ = {isa = PBXBuildFile; fileRef = CD000091EEEE000100000001 /* ChatTextInput.swift */; };
		CD000092EEEE000100000001 /* TelegramAuthView.swift in Sources */ = {isa = PBXBuildFile; fileRef = CD000093EEEE000100000001 /* TelegramAuthView.swift */; };
		DB000001FFFF000100000001 /* DashboardView.swift in Sources */ = {isa = PBXBuildFile; fileRef = DB000002FFFF000100000001 /* DashboardView.swift */; };
		NF000001AAAA000100000001 /* NotificationManager.swift in Sources */ = {isa = PBXBuildFile; fileRef = NF000002AAAA000100000001 /* NotificationManager.swift */; };
		PH000001FFFF000100000001 /* CommandPalette.swift in Sources */ = {isa = PBXBuildFile; fileRef = PH000002FFFF000100000001 /* CommandPalette.swift */; };
		PH000003FFFF000100000001 /* KeyboardShortcuts.swift in Sources */ = {isa = PBXBuildFile; fileRef = PH000004FFFF000100000001 /* KeyboardShortcuts.swift */; };
		PH100001FFFF001600000001 /* SessionViews.swift in Sources */ = {isa = PBXBuildFile; fileRef = PH100002FFFF001600000001 /* SessionViews.swift */; };
		PH100001FFFF001700000001 /* SettingsViews.swift in Sources */ = {isa = PBXBuildFile; fileRef = PH100002FFFF001700000001 /* SettingsViews.swift */; };
		SM000001FFFF000100000001 /* SoundManager.swift in Sources */ = {isa = PBXBuildFile; fileRef = SM000002FFFF000100000001 /* SoundManager.swift */; };
		AV000001FFFF000100000001 /* AutomationsView.swift in Sources */ = {isa = PBXBuildFile; fileRef = AV000002FFFF000100000001 /* AutomationsView.swift */; };
		DV000001FFFF000100000001 /* DebugView.swift in Sources */ = {isa = PBXBuildFile; fileRef = DV000002FFFF000100000001 /* DebugView.swift */; };
		BW000001FFFF000100000001 /* BotWebView.swift in Sources */ = {isa = PBXBuildFile; fileRef = BW000002FFFF000100000001 /* BotWebView.swift */; };
/* End PBXBuildFile section */

/* Begin PBXFileReference section */
		BP000002FFFF000100000001 /* BotProfileSheet.swift */ = {isa = PBXFileReference; lastKnownFileType = sourcecode.swift; path = BotProfileSheet.swift; sourceTree = "<group>"; };
		CD000002BBBB000100000001 /* OptaPlusMacOSApp.swift */ = {isa = PBXFileReference; lastKnownFileType = sourcecode.swift; path = OptaPlusMacOSApp.swift; sourceTree = "<group>"; };
		CD000004BBBB000100000001 /* ContentView.swift */ = {isa = PBXFileReference; lastKnownFileType = sourcecode.swift; path = ContentView.swift; sourceTree = "<group>"; };
		CD000008BBBB000200000001 /* Assets.xcassets */ = {isa = PBXFileReference; lastKnownFileType = folder.assetcatalog; path = Assets.xcassets; sourceTree = "<group>"; };
		CD000009BBBB000100000001 /* OptaPlusMacOS.app */ = {isa = PBXFileReference; explicitFileType = wrapper.application; includeInIndex = 0; path = OptaPlusMacOS.app; sourceTree = BUILT_PRODUCTS_DIR; };
		CD00000ABBBB000200000001 /* Info.plist */ = {isa = PBXFileReference; lastKnownFileType = text.plist.xml; path = Info.plist; sourceTree = "<group>"; };
		CD00000BBBBB000200000001 /* OptaPlusMacOS.entitlements */ = {isa = PBXFileReference; lastKnownFileType = text.plist.entitlements; path = OptaPlusMacOS.entitlements; sourceTree = "<group>"; };
		CD000071CCCC000100000001 /* ThinkingOverlay.swift */ = {isa = PBXFileReference; lastKnownFileType = sourcecode.swift; path = ThinkingOverlay.swift; sourceTree = "<group>"; };
		CD000073CCCC000100000001 /* ContextPanel.swift */ = {isa = PBXFileReference; lastKnownFileType = sourcecode.swift; path = ContextPanel.swift; sourceTree = "<group>"; };
		CD000075CCCC000100000001 /* AnimationSystem.swift */ = {isa = PBXFileReference; lastKnownFileType = sourcecode.swift; path = AnimationSystem.swift; sourceTree = "<group>"; };
		CD000081DDDD000100000001 /* AmbientBackground.swift */ = {isa = PBXFileReference; lastKnownFileType = sourcecode.swift; path = AmbientBackground.swift; sourceTree = "<group>"; };
		CD000083DDDD000100000001 /* LoadingSplash.swift */ = {isa = PBXFileReference; lastKnownFileType = sourcecode.swift; path = LoadingSplash.swift; sourceTree = "<group>"; };
		CD000091EEEE000100000001 /* ChatTextInput.swift */ = {isa = PBXFileReference; lastKnownFileType = sourcecode.swift; path = ChatTextInput.swift; sourceTree = "<group>"; };
		CD000093EEEE000100000001 /* TelegramAuthView.swift */ = {isa = PBXFileReference; lastKnownFileType = sourcecode.swift; path = TelegramAuthView.swift; sourceTree = "<group>"; };
		DB000002FFFF000100000001 /* DashboardView.swift */ = {isa = PBXFileReference; lastKnownFileType = sourcecode.swift; path = DashboardView.swift; sourceTree = "<group>"; };
		NF000002AAAA000100000001 /* NotificationManager.swift */ = {isa = PBXFileReference; lastKnownFileType = sourcecode.swift; path = NotificationManager.swift; sourceTree = "<group>"; };
		PH000002FFFF000100000001 /* CommandPalette.swift */ = {isa = PBXFileReference; lastKnownFileType = sourcecode.swift; path = CommandPalette.swift; sourceTree = "<group>"; };
		PH000004FFFF000100000001 /* KeyboardShortcuts.swift */ = {isa = PBXFileReference; lastKnownFileType = sourcecode.swift; path = KeyboardShortcuts.swift; sourceTree = "<group>"; };
		PH100002FFFF001600000001 /* SessionViews.swift */ = {isa = PBXFileReference; lastKnownFileType = sourcecode.swift; path = SessionViews.swift; sourceTree = "<group>"; };
		PH100002FFFF001700000001 /* SettingsViews.swift */ = {isa = PBXFileReference; lastKnownFileType = sourcecode.swift; path = SettingsViews.swift; sourceTree = "<group>"; };
		SM000002FFFF000100000001 /* SoundManager.swift */ = {isa = PBXFileReference; lastKnownFileType = sourcecode.swift; path = SoundManager.swift; sourceTree = "<group>"; };
		AV000002FFFF000100000001 /* AutomationsView.swift */ = {isa = PBXFileReference; lastKnownFileType = sourcecode.swift; path = AutomationsView.swift; sourceTree = "<group>"; };
		DV000002FFFF000100000001 /* DebugView.swift */ = {isa = PBXFileReference; lastKnownFileType = sourcecode.swift; path = DebugView.swift; sourceTree = "<group>"; };
		BW000002FFFF000100000001 /* BotWebView.swift */ = {isa = PBXFileReference; lastKnownFileType = sourcecode.swift; path = BotWebView.swift; sourceTree = "<group>"; };
/* End PBXFileReference section */

/* Begin PBXFrameworksBuildPhase section */
		CD00000CBBBB000100000001 /* Frameworks */ = {
			isa = PBXFrameworksBuildPhase;
			buildActionMask = 2147483647;
			files = (
				CD000050BBBB000300000001 /* OptaPlus in Frameworks */,
				CD000060BBBB000400000001 /* OptaMolt in Frameworks */,
			);
			runOnlyForDeploymentPostprocessing = 0;
		};
/* End PBXFrameworksBuildPhase section */

/* Begin PBXGroup section */
		CD00000DBBBB000100000001 = {
			isa = PBXGroup;
			children = (
				CD00000EBBBB000100000001 /* OptaPlusMacOS */,
				CD00000FBBBB000100000001 /* Products */,
			);
			sourceTree = "<group>";
		};
		CD00000EBBBB000100000001 /* OptaPlusMacOS */ = {
			isa = PBXGroup;
			children = (
				CD000002BBBB000100000001 /* OptaPlusMacOSApp.swift */,
				CD000004BBBB000100000001 /* ContentView.swift */,
				PH100002FFFF001600000001 /* SessionViews.swift */,
				PH100002FFFF001700000001 /* SettingsViews.swift */,
				CD000071CCCC000100000001 /* ThinkingOverlay.swift */,
				CD000073CCCC000100000001 /* ContextPanel.swift */,
				CD000081DDDD000100000001 /* AmbientBackground.swift */,
				CD000083DDDD000100000001 /* LoadingSplash.swift */,
				CD000075CCCC000100000001 /* AnimationSystem.swift */,
				NF000002AAAA000100000001 /* NotificationManager.swift */,
				CD000091EEEE000100000001 /* ChatTextInput.swift */,
				CD000093EEEE000100000001 /* TelegramAuthView.swift */,
				BP000002FFFF000100000001 /* BotProfileSheet.swift */,
				PH000002FFFF000100000001 /* CommandPalette.swift */,
				PH000004FFFF000100000001 /* KeyboardShortcuts.swift */,
				SM000002FFFF000100000001 /* SoundManager.swift */,
				DB000002FFFF000100000001 /* DashboardView.swift */,
				AV000002FFFF000100000001 /* AutomationsView.swift */,
				DV000002FFFF000100000001 /* DebugView.swift */,
				BW000002FFFF000100000001 /* BotWebView.swift */,
				CD000008BBBB000200000001 /* Assets.xcassets */,
				CD00000ABBBB000200000001 /* Info.plist */,
				CD00000BBBBB000200000001 /* OptaPlusMacOS.entitlements */,
			);
			path = OptaPlusMacOS;
			sourceTree = "<group>";
		};
		CD00000FBBBB000100000001 /* Products */ = {
			isa = PBXGroup;
			children = (
				CD000009BBBB000100000001 /* OptaPlusMacOS.app */,
			);
			name = Products;
			sourceTree = "<group>";
		};
/* End PBXGroup section */

/* Begin PBXNativeTarget section */
		CD000010BBBB000100000001 /* OptaPlusMacOS */ = {
			isa = PBXNativeTarget;
			buildConfigurationList = CD000011BBBB000200000001 /* Build configuration list for PBXNativeTarget "OptaPlusMacOS" */;
			buildPhases = (
				CD000012BBBB000100000001 /* Sources */,
				CD00000CBBBB000100000001 /* Frameworks */,
				CD000013BBBB000100000001 /* Resources */,
			);
			buildRules = (
			);
			dependencies = (
			);
			name = OptaPlusMacOS;
			packageProductDependencies = (
				CD000051BBBB000300000001 /* OptaPlus */,
				CD000061BBBB000400000001 /* OptaMolt */,
			);
			productName = OptaPlusMacOS;
			productReference = CD000009BBBB000100000001 /* OptaPlusMacOS.app */;
			productType = "com.apple.product-type.application";
		};
/* End PBXNativeTarget section */

/* Begin PBXProject section */
		CD000014BBBB000100000001 /* Project object */ = {
			isa = PBXProject;
			attributes = {
				BuildIndependentTargetsInParallel = 1;
				LastSwiftUpdateCheck = 1500;
				LastUpgradeCheck = 1500;
				TargetAttributes = {
					CD000010BBBB000100000001 = {
						CreatedOnToolsVersion = 15.0;
					};
				};
			};
			buildConfigurationList = CD000015BBBB000200000001 /* Build configuration list for PBXProject "OptaPlusMacOS" */;
			compatibilityVersion = "Xcode 14.0";
			developmentRegion = en;
			hasScannedForEncodings = 0;
			knownRegions = (
				en,
				Base,
			);
			mainGroup = CD00000DBBBB000100000001;
			packageReferences = (
				CD000052BBBB000300000001 /* XCLocalSwiftPackageReference ".." */,
			);
			productRefGroup = CD00000FBBBB000100000001 /* Products */;
			projectDirPath = "";
			projectRoot = "";
			targets = (
				CD000010BBBB000100000001 /* OptaPlusMacOS */,
			);
		};
/* End PBXProject section */

/* Begin PBXResourcesBuildPhase section */
		CD000013BBBB000100000001 /* Resources */ = {
			isa = PBXResourcesBuildPhase;
			buildActionMask = 2147483647;
			files = (
				CD000007BBBB000200000001 /* Assets.xcassets in Resources */,
			);
			runOnlyForDeploymentPostprocessing = 0;
		};
/* End PBXResourcesBuildPhase section */

/* Begin PBXSourcesBuildPhase section */
		CD000012BBBB000100000001 /* Sources */ = {
			isa = PBXSourcesBuildPhase;
			buildActionMask = 2147483647;
			files = (
				CD000001BBBB000100000001 /* OptaPlusMacOSApp.swift in Sources */,
				CD000003BBBB000100000001 /* ContentView.swift in Sources */,
				PH100001FFFF001600000001 /* SessionViews.swift in Sources */,
				PH100001FFFF001700000001 /* SettingsViews.swift in Sources */,
				CD000070CCCC000100000001 /* ThinkingOverlay.swift in Sources */,
				CD000072CCCC000100000001 /* ContextPanel.swift in Sources */,
				CD000080DDDD000100000001 /* AmbientBackground.swift in Sources */,
				CD000082DDDD000100000001 /* LoadingSplash.swift in Sources */,
				CD000074CCCC000100000001 /* AnimationSystem.swift in Sources */,
				NF000001AAAA000100000001 /* NotificationManager.swift in Sources */,
				CD000090EEEE000100000001 /* ChatTextInput.swift in Sources */,
				CD000092EEEE000100000001 /* TelegramAuthView.swift in Sources */,
				BP000001FFFF000100000001 /* BotProfileSheet.swift in Sources */,
				PH000001FFFF000100000001 /* CommandPalette.swift in Sources */,
				PH000003FFFF000100000001 /* KeyboardShortcuts.swift in Sources */,
				SM000001FFFF000100000001 /* SoundManager.swift in Sources */,
				DB000001FFFF000100000001 /* DashboardView.swift in Sources */,
				AV000001FFFF000100000001 /* AutomationsView.swift in Sources */,
				DV000001FFFF000100000001 /* DebugView.swift in Sources */,
				BW000001FFFF000100000001 /* BotWebView.swift in Sources */,
			);
			runOnlyForDeploymentPostprocessing = 0;
		};
/* End PBXSourcesBuildPhase section */

/* Begin XCBuildConfiguration section */
		CD000016BBBB000200000001 /* Debug */ = {
			isa = XCBuildConfiguration;
			buildSettings = {
				ALWAYS_SEARCH_USER_PATHS = NO;
				ASSETCATALOG_COMPILER_GENERATE_SWIFT_ASSET_SYMBOL_EXTENSIONS = YES;
				CLANG_ANALYZER_NONNULL = YES;
				CLANG_ANALYZER_NUMBER_OBJECT_CONVERSION = YES_AGGRESSIVE;
				CLANG_CXX_LANGUAGE_STANDARD = "gnu++20";
				CLANG_ENABLE_MODULES = YES;
				CLANG_ENABLE_OBJC_ARC = YES;
				CLANG_ENABLE_OBJC_WEAK = YES;
				CLANG_WARN_BLOCK_CAPTURE_AUTORELEASING = YES;
				CLANG_WARN_BOOL_CONVERSION = YES;
				CLANG_WARN_COMMA = YES;
				CLANG_WARN_CONSTANT_CONVERSION = YES;
				CLANG_WARN_DEPRECATED_OBJC_IMPLEMENTATIONS = YES;
				CLANG_WARN_DIRECT_OBJC_ISA_USAGE = YES_ERROR;
				CLANG_WARN_DOCUMENTATION_COMMENTS = YES;
				CLANG_WARN_EMPTY_BODY = YES;
				CLANG_WARN_ENUM_CONVERSION = YES;
				CLANG_WARN_INFINITE_RECURSION = YES;
				CLANG_WARN_INT_CONVERSION = YES;
				CLANG_WARN_NON_LITERAL_NULL_CONVERSION = YES;
				CLANG_WARN_OBJC_IMPLICIT_RETAIN_SELF = YES;
				CLANG_WARN_OBJC_LITERAL_CONVERSION = YES;
				CLANG_WARN_OBJC_ROOT_CLASS = YES_ERROR;
				CLANG_WARN_QUOTED_INCLUDE_IN_FRAMEWORK_HEADER = YES;
				CLANG_WARN_RANGE_LOOP_ANALYSIS = YES;
				CLANG_WARN_STRICT_PROTOTYPES = YES;
				CLANG_WARN_SUSPICIOUS_MOVE = YES;
				CLANG_WARN_UNGUARDED_AVAILABILITY = YES_AGGRESSIVE;
				CLANG_WARN_UNREACHABLE_CODE = YES;
				CLANG_WARN__DUPLICATE_METHOD_MATCH = YES;
				COPY_PHASE_STRIP = NO;
				DEBUG_INFORMATION_FORMAT = dwarf;
				ENABLE_STRICT_OBJC_MSGSEND = YES;
				ENABLE_TESTABILITY = YES;
				ENABLE_USER_SCRIPT_SANDBOXING = YES;
				GCC_C_LANGUAGE_STANDARD = gnu17;
				GCC_DYNAMIC_NO_PIC = NO;
				GCC_NO_COMMON_BLOCKS = YES;
				GCC_OPTIMIZATION_LEVEL = 0;
				GCC_PREPROCESSOR_DEFINITIONS = (
					"DEBUG=1",
					"$(inherited)",
				);
				GCC_WARN_64_TO_32_BIT_CONVERSION = YES;
				GCC_WARN_ABOUT_RETURN_TYPE = YES_ERROR;
				GCC_WARN_UNDECLARED_SELECTOR = YES;
				GCC_WARN_UNINITIALIZED_AUTOS = YES_AGGRESSIVE;
				GCC_WARN_UNUSED_FUNCTION = YES;
				GCC_WARN_UNUSED_VARIABLE = YES;
				LOCALIZATION_PREFERS_STRING_CATALOGS = YES;
				MACOSX_DEPLOYMENT_TARGET = 14.0;
				MTL_ENABLE_DEBUG_INFO = INCLUDE_SOURCE;
				MTL_FAST_MATH = YES;
				ONLY_ACTIVE_ARCH = YES;
				SDKROOT = macosx;
				SWIFT_ACTIVE_COMPILATION_CONDITIONS = "DEBUG $(inherited)";
				SWIFT_OPTIMIZATION_LEVEL = "-Onone";
				SWIFT_VERSION = 5.0;
			};
			name = Debug;
		};
		CD000017BBBB000200000001 /* Release */ = {
			isa = XCBuildConfiguration;
			buildSettings = {
				ALWAYS_SEARCH_USER_PATHS = NO;
				ASSETCATALOG_COMPILER_GENERATE_SWIFT_ASSET_SYMBOL_EXTENSIONS = YES;
				CLANG_ANALYZER_NONNULL = YES;
				CLANG_ANALYZER_NUMBER_OBJECT_CONVERSION = YES_AGGRESSIVE;
				CLANG_CXX_LANGUAGE_STANDARD = "gnu++20";
				CLANG_ENABLE_MODULES = YES;
				CLANG_ENABLE_OBJC_ARC = YES;
				CLANG_ENABLE_OBJC_WEAK = YES;
				CLANG_WARN_BLOCK_CAPTURE_AUTORELEASING = YES;
				CLANG_WARN_BOOL_CONVERSION = YES;
				CLANG_WARN_COMMA = YES;
				CLANG_WARN_CONSTANT_CONVERSION = YES;
				CLANG_WARN_DEPRECATED_OBJC_IMPLEMENTATIONS = YES;
				CLANG_WARN_DIRECT_OBJC_ISA_USAGE = YES_ERROR;
				CLANG_WARN_DOCUMENTATION_COMMENTS = YES;
				CLANG_WARN_EMPTY_BODY = YES;
				CLANG_WARN_ENUM_CONVERSION = YES;
				CLANG_WARN_INFINITE_RECURSION = YES;
				CLANG_WARN_INT_CONVERSION = YES;
				CLANG_WARN_NON_LITERAL_NULL_CONVERSION = YES;
				CLANG_WARN_OBJC_IMPLICIT_RETAIN_SELF = YES;
				CLANG_WARN_OBJC_LITERAL_CONVERSION = YES;
				CLANG_WARN_OBJC_ROOT_CLASS = YES_ERROR;
				CLANG_WARN_QUOTED_INCLUDE_IN_FRAMEWORK_HEADER = YES;
				CLANG_WARN_RANGE_LOOP_ANALYSIS = YES;
				CLANG_WARN_STRICT_PROTOTYPES = YES;
				CLANG_WARN_SUSPICIOUS_MOVE = YES;
				CLANG_WARN_UNGUARDED_AVAILABILITY = YES_AGGRESSIVE;
				CLANG_WARN_UNREACHABLE_CODE = YES;
				CLANG_WARN__DUPLICATE_METHOD_MATCH = YES;
				COPY_PHASE_STRIP = NO;
				DEBUG_INFORMATION_FORMAT = "dwarf-with-dsym";
				ENABLE_NS_ASSERTIONS = NO;
				ENABLE_STRICT_OBJC_MSGSEND = YES;
				ENABLE_USER_SCRIPT_SANDBOXING = YES;
				GCC_C_LANGUAGE_STANDARD = gnu17;
				GCC_NO_COMMON_BLOCKS = YES;
				GCC_WARN_64_TO_32_BIT_CONVERSION = YES;
				GCC_WARN_ABOUT_RETURN_TYPE = YES_ERROR;
				GCC_WARN_UNDECLARED_SELECTOR = YES;
				GCC_WARN_UNINITIALIZED_AUTOS = YES_AGGRESSIVE;
				GCC_WARN_UNUSED_FUNCTION = YES;
				GCC_WARN_UNUSED_VARIABLE = YES;
				LOCALIZATION_PREFERS_STRING_CATALOGS = YES;
				MACOSX_DEPLOYMENT_TARGET = 14.0;
				MTL_ENABLE_DEBUG_INFO = NO;
				MTL_FAST_MATH = YES;
				SDKROOT = macosx;
				SWIFT_COMPILATION_MODE = wholemodule;
				SWIFT_VERSION = 5.0;
			};
			name = Release;
		};
		CD000018BBBB000200000001 /* Debug */ = {
			isa = XCBuildConfiguration;
			buildSettings = {
				ASSETCATALOG_COMPILER_APPICON_NAME = AppIcon;
				ASSETCATALOG_COMPILER_GLOBAL_ACCENT_COLOR_NAME = AccentColor;
				CODE_SIGN_ENTITLEMENTS = OptaPlusMacOS/OptaPlusMacOS.entitlements;
				"CODE_SIGN_IDENTITY[sdk=macosx*]" = "Apple Development";
				CODE_SIGN_STYLE = Automatic;
				COMBINE_HIDPI_IMAGES = YES;
				CURRENT_PROJECT_VERSION = 1;
				DEVELOPMENT_TEAM = NM9ZUH276T;
				ENABLE_HARDENED_RUNTIME = YES;
				ENABLE_PREVIEWS = YES;
				GENERATE_INFOPLIST_FILE = YES;
				INFOPLIST_FILE = OptaPlusMacOS/Info.plist;
				INFOPLIST_KEY_CFBundleDisplayName = OptaPlus;
				INFOPLIST_KEY_LSApplicationCategoryType = "public.app-category.developer-tools";
				INFOPLIST_KEY_NSHumanReadableCopyright = "";
				LD_RUNPATH_SEARCH_PATHS = (
					"$(inherited)",
					"@executable_path/../Frameworks",
				);
				MARKETING_VERSION = 0.1.0;
				PRODUCT_BUNDLE_IDENTIFIER = com.optamolt.macos;
				PRODUCT_NAME = "$(TARGET_NAME)";
				SWIFT_EMIT_LOC_STRINGS = YES;
				SWIFT_VERSION = 5.0;
			};
			name = Debug;
		};
		CD000019BBBB000200000001 /* Release */ = {
			isa = XCBuildConfiguration;
			buildSettings = {
				ASSETCATALOG_COMPILER_APPICON_NAME = AppIcon;
				ASSETCATALOG_COMPILER_GLOBAL_ACCENT_COLOR_NAME = AccentColor;
				CODE_SIGN_ENTITLEMENTS = OptaPlusMacOS/OptaPlusMacOS.entitlements;
				"CODE_SIGN_IDENTITY[sdk=macosx*]" = "Apple Development";
				CODE_SIGN_STYLE = Automatic;
				COMBINE_HIDPI_IMAGES = YES;
				CURRENT_PROJECT_VERSION = 1;
				DEVELOPMENT_TEAM = NM9ZUH276T;
				ENABLE_HARDENED_RUNTIME = YES;
				ENABLE_PREVIEWS = YES;
				GENERATE_INFOPLIST_FILE = YES;
				INFOPLIST_FILE = OptaPlusMacOS/Info.plist;
				INFOPLIST_KEY_CFBundleDisplayName = OptaPlus;
				INFOPLIST_KEY_LSApplicationCategoryType = "public.app-category.developer-tools";
				INFOPLIST_KEY_NSHumanReadableCopyright = "";
				LD_RUNPATH_SEARCH_PATHS = (
					"$(inherited)",
					"@executable_path/../Frameworks",
				);
				MARKETING_VERSION = 0.1.0;
				PRODUCT_BUNDLE_IDENTIFIER = com.optamolt.macos;
				PRODUCT_NAME = "$(TARGET_NAME)";
				SWIFT_EMIT_LOC_STRINGS = YES;
				SWIFT_VERSION = 5.0;
			};
			name = Release;
		};
/* End XCBuildConfiguration section */

/* Begin XCConfigurationList section */
		CD000011BBBB000200000001 /* Build configuration list for PBXNativeTarget "OptaPlusMacOS" */ = {
			isa = XCConfigurationList;
			buildConfigurations = (
				CD000018BBBB000200000001 /* Debug */,
				CD000019BBBB000200000001 /* Release */,
			);
			defaultConfigurationIsVisible = 0;
			defaultConfigurationName = Release;
		};
		CD000015BBBB000200000001 /* Build configuration list for PBXProject "OptaPlusMacOS" */ = {
			isa = XCConfigurationList;
			buildConfigurations = (
				CD000016BBBB000200000001 /* Debug */,
				CD000017BBBB000200000001 /* Release */,
			);
			defaultConfigurationIsVisible = 0;
			defaultConfigurationName = Release;
		};
/* End XCConfigurationList section */

/* Begin XCLocalSwiftPackageReference section */
		CD000052BBBB000300000001 /* XCLocalSwiftPackageReference ".." */ = {
			isa = XCLocalSwiftPackageReference;
			relativePath = ..;
		};
/* End XCLocalSwiftPackageReference section */

/* Begin XCSwiftPackageProductDependency section */
		CD000051BBBB000300000001 /* OptaPlus */ = {
			isa = XCSwiftPackageProductDependency;
			productName = OptaPlus;
		};
		CD000061BBBB000400000001 /* OptaMolt */ = {
			isa = XCSwiftPackageProductDependency;
			productName = OptaMolt;
		};
/* End XCSwiftPackageProductDependency section */
	};
	rootObject = CD000014BBBB000100000001 /* Project object */;
}
